// !$*UTF8*$!
{
	archiveVersion = 1;
	classes = {
	};
	objectVersion = 77;
	objects = {

/* Begin PBXBuildFile section */
		ACEDCA682F29AB7700B1E22C /* DirectoryPicker.swift in Sources */ = {isa = PBXBuildFile; fileRef = ACEDCA602F29AB7700B1E22C /* DirectoryPicker.swift */; };
		ACEDCA692F29AB7700B1E22C /* AIService.swift in Sources */ = {isa = PBXBuildFile; fileRef = ACEDCA512F29AB7700B1E22C /* AIService.swift */; };
		ACEDCA6A2F29AB7700B1E22C /* AppConfig.swift in Sources */ = {isa = PBXBuildFile; fileRef = ACEDCA522F29AB7700B1E22C /* AppConfig.swift */; };
		ACEDCA6B2F29AB7700B1E22C /* SingleImageView.swift in Sources */ = {isa = PBXBuildFile; fileRef = ACEDCA652F29AB7700B1E22C /* SingleImageView.swift */; };
		ACEDCA6C2F29AB7700B1E22C /* ContentView.swift in Sources */ = {isa = PBXBuildFile; fileRef = ACEDCA502F29AB7700B1E22C /* ContentView.swift */; };
		ACEDCA6D2F29AB7700B1E22C /* SpectasiaApp.swift in Sources */ = {isa = PBXBuildFile; fileRef = ACEDCA5E2F29AB7700B1E22C /* SpectasiaApp.swift */; };
		ACEDCA702F29AB7700B1E22C /* SettingsView.swift in Sources */ = {isa = PBXBuildFile; fileRef = ACEDCA642F29AB7700B1E22C /* SettingsView.swift */; };
		ACEDCA712F29AB7700B1E22C /* XMPService.swift in Sources */ = {isa = PBXBuildFile; fileRef = ACEDCA582F29AB7700B1E22C /* XMPService.swift */; };
		ACEDCA722F29AB7700B1E22C /* GypsumDesignSystem.swift in Sources */ = {isa = PBXBuildFile; fileRef = ACEDCA612F29AB7700B1E22C /* GypsumDesignSystem.swift */; };
		ACEDCA732F29AB7700B1E22C /* ImageGridView.swift in Sources */ = {isa = PBXBuildFile; fileRef = ACEDCA622F29AB7700B1E22C /* ImageGridView.swift */; };
		ACEDCA742F29AB7700B1E22C /* MetadataPanel.swift in Sources */ = {isa = PBXBuildFile; fileRef = ACEDCA632F29AB7700B1E22C /* MetadataPanel.swift */; };
		ACEDCA752F29AB7700B1E22C /* FileMonitorService.swift in Sources */ = {isa = PBXBuildFile; fileRef = ACEDCA532F29AB7700B1E22C /* FileMonitorService.swift */; };
		ACEDCA762F29AB7700B1E22C /* PermissionManager.swift in Sources */ = {isa = PBXBuildFile; fileRef = ACEDCA552F29AB7700B1E22C /* PermissionManager.swift */; };
		ACEDCA772F29AB7700B1E22C /* ThumbnailService.swift in Sources */ = {isa = PBXBuildFile; fileRef = ACEDCA572F29AB7700B1E22C /* ThumbnailService.swift */; };
		ACEDCA782F29AB7700B1E22C /* SpectasiaCore.swift in Sources */ = {isa = PBXBuildFile; fileRef = ACEDCA562F29AB7700B1E22C /* SpectasiaCore.swift */; };
		ACEDCA792F29AB7700B1E22C /* ImageRepository.swift in Sources */ = {isa = PBXBuildFile; fileRef = ACEDCA542F29AB7700B1E22C /* ImageRepository.swift */; };
		ACEDCA7A2F29AB7700B1E22C /* SpectasiaLayout.swift in Sources */ = {isa = PBXBuildFile; fileRef = ACEDCA662F29AB7700B1E22C /* SpectasiaLayout.swift */; };
		ACEDCA7B2F29AB7700B1E22C /* Localizable.xcstrings in Resources */ = {isa = PBXBuildFile; fileRef = ACEDCA5B2F29AB7700B1E22C /* Localizable.xcstrings */; };
		ACEDCA7C2F29AB7700B1E22C /* Assets.xcassets in Resources */ = {isa = PBXBuildFile; fileRef = ACEDCA4F2F29AB7700B1E22C /* Assets.xcassets */; };
		ACEDCA7D2F29AB7700B1E22C /* Info.plist in Resources */ = {isa = PBXBuildFile; fileRef = ACEDCA5A2F29AB7700B1E22C /* Info.plist */; };
		ACEDCA7E2F29AB7700B1E22C /* Localizable.xcstrings in Resources */ = {isa = PBXBuildFile; fileRef = ACEDCA5B2F29AB7700B1E22C /* Localizable.xcstrings */; };
		ACEDCA7F2F29AB7700B1E22C /* Assets.xcassets in Resources */ = {isa = PBXBuildFile; fileRef = ACEDCA4F2F29AB7700B1E22C /* Assets.xcassets */; };
		ACEDCA802F29AB7700B1E22C /* Info.plist in Resources */ = {isa = PBXBuildFile; fileRef = ACEDCA5A2F29AB7700B1E22C /* Info.plist */; };
		ACEDCA812F29AB7700B1E22C /* DirectoryPicker.swift in Sources */ = {isa = PBXBuildFile; fileRef = ACEDCA602F29AB7700B1E22C /* DirectoryPicker.swift */; };
		ACEDCA822F29AB7700B1E22C /* AIService.swift in Sources */ = {isa = PBXBuildFile; fileRef = ACEDCA512F29AB7700B1E22C /* AIService.swift */; };
		ACEDCA832F29AB7700B1E22C /* AppConfig.swift in Sources */ = {isa = PBXBuildFile; fileRef = ACEDCA522F29AB7700B1E22C /* AppConfig.swift */; };
		ACEDCA842F29AB7700B1E22C /* SingleImageView.swift in Sources */ = {isa = PBXBuildFile; fileRef = ACEDCA652F29AB7700B1E22C /* SingleImageView.swift */; };
		ACEDCA852F29AB7700B1E22C /* ContentView.swift in Sources */ = {isa = PBXBuildFile; fileRef = ACEDCA502F29AB7700B1E22C /* ContentView.swift */; };
		ACEDCA862F29AB7700B1E22C /* SpectasiaApp.swift in Sources */ = {isa = PBXBuildFile; fileRef = ACEDCA5E2F29AB7700B1E22C /* SpectasiaApp.swift */; };
		ACEDCA892F29AB7700B1E22C /* SettingsView.swift in Sources */ = {isa = PBXBuildFile; fileRef = ACEDCA642F29AB7700B1E22C /* SettingsView.swift */; };
		ACEDCA8A2F29AB7700B1E22C /* XMPService.swift in Sources */ = {isa = PBXBuildFile; fileRef = ACEDCA582F29AB7700B1E22C /* XMPService.swift */; };
		ACEDCA8B2F29AB7700B1E22C /* GypsumDesignSystem.swift in Sources */ = {isa = PBXBuildFile; fileRef = ACEDCA612F29AB7700B1E22C /* GypsumDesignSystem.swift */; };
		ACEDCA8C2F29AB7700B1E22C /* ImageGridView.swift in Sources */ = {isa = PBXBuildFile; fileRef = ACEDCA622F29AB7700B1E22C /* ImageGridView.swift */; };
		ACEDCA8D2F29AB7700B1E22C /* MetadataPanel.swift in Sources */ = {isa = PBXBuildFile; fileRef = ACEDCA632F29AB7700B1E22C /* MetadataPanel.swift */; };
		ACEDCA8E2F29AB7700B1E22C /* FileMonitorService.swift in Sources */ = {isa = PBXBuildFile; fileRef = ACEDCA532F29AB7700B1E22C /* FileMonitorService.swift */; };
		ACEDCA8F2F29AB7700B1E22C /* PermissionManager.swift in Sources */ = {isa = PBXBuildFile; fileRef = ACEDCA552F29AB7700B1E22C /* PermissionManager.swift */; };
		ACEDCA902F29AB7700B1E22C /* ThumbnailService.swift in Sources */ = {isa = PBXBuildFile; fileRef = ACEDCA572F29AB7700B1E22C /* ThumbnailService.swift */; };
		ACEDCA912F29AB7700B1E22C /* SpectasiaCore.swift in Sources */ = {isa = PBXBuildFile; fileRef = ACEDCA562F29AB7700B1E22C /* SpectasiaCore.swift */; };
		ACEDCA922F29AB7700B1E22C /* ImageRepository.swift in Sources */ = {isa = PBXBuildFile; fileRef = ACEDCA542F29AB7700B1E22C /* ImageRepository.swift */; };
		ACEDCA932F29AB7700B1E22C /* SpectasiaLayout.swift in Sources */ = {isa = PBXBuildFile; fileRef = ACEDCA662F29AB7700B1E22C /* SpectasiaLayout.swift */; };
		ACEDCA942F29AB7700B1E22C /* Localizable.xcstrings in Resources */ = {isa = PBXBuildFile; fileRef = ACEDCA5B2F29AB7700B1E22C /* Localizable.xcstrings */; };
		ACEDCA952F29AB7700B1E22C /* Assets.xcassets in Resources */ = {isa = PBXBuildFile; fileRef = ACEDCA4F2F29AB7700B1E22C /* Assets.xcassets */; };
		ACEDCA962F29AB7700B1E22C /* Info.plist in Resources */ = {isa = PBXBuildFile; fileRef = ACEDCA5A2F29AB7700B1E22C /* Info.plist */; };
		ACEDCA972F29AB7700B1E22C /* DirectoryPicker.swift in Sources */ = {isa = PBXBuildFile; fileRef = ACEDCA602F29AB7700B1E22C /* DirectoryPicker.swift */; };
		ACEDCA982F29AB7700B1E22C /* AIService.swift in Sources */ = {isa = PBXBuildFile; fileRef = ACEDCA512F29AB7700B1E22C /* AIService.swift */; };
		ACEDCA992F29AB7700B1E22C /* AppConfig.swift in Sources */ = {isa = PBXBuildFile; fileRef = ACEDCA522F29AB7700B1E22C /* AppConfig.swift */; };
		ACEDCA9A2F29AB7700B1E22C /* SingleImageView.swift in Sources */ = {isa = PBXBuildFile; fileRef = ACEDCA652F29AB7700B1E22C /* SingleImageView.swift */; };
		ACEDCA9B2F29AB7700B1E22C /* ContentView.swift in Sources */ = {isa = PBXBuildFile; fileRef = ACEDCA502F29AB7700B1E22C /* ContentView.swift */; };
		ACEDCA9C2F29AB7700B1E22C /* SpectasiaApp.swift in Sources */ = {isa = PBXBuildFile; fileRef = ACEDCA5E2F29AB7700B1E22C /* SpectasiaApp.swift */; };
		ACEDCA9F2F29AB7700B1E22C /* SettingsView.swift in Sources */ = {isa = PBXBuildFile; fileRef = ACEDCA642F29AB7700B1E22C /* SettingsView.swift */; };
		ACEDCAA02F29AB7700B1E22C /* XMPService.swift in Sources */ = {isa = PBXBuildFile; fileRef = ACEDCA582F29AB7700B1E22C /* XMPService.swift */; };
		ACEDCAA12F29AB7700B1E22C /* GypsumDesignSystem.swift in Sources */ = {isa = PBXBuildFile; fileRef = ACEDCA612F29AB7700B1E22C /* GypsumDesignSystem.swift */; };
		ACEDCAA22F29AB7700B1E22C /* ImageGridView.swift in Sources */ = {isa = PBXBuildFile; fileRef = ACEDCA622F29AB7700B1E22C /* ImageGridView.swift */; };
		ACEDCAA32F29AB7700B1E22C /* MetadataPanel.swift in Sources */ = {isa = PBXBuildFile; fileRef = ACEDCA632F29AB7700B1E22C /* MetadataPanel.swift */; };
		ACEDCAA42F29AB7700B1E22C /* FileMonitorService.swift in Sources */ = {isa = PBXBuildFile; fileRef = ACEDCA532F29AB7700B1E22C /* FileMonitorService.swift */; };
		ACEDCAA52F29AB7700B1E22C /* PermissionManager.swift in Sources */ = {isa = PBXBuildFile; fileRef = ACEDCA552F29AB7700B1E22C /* PermissionManager.swift */; };
		ACEDCAA62F29AB7700B1E22C /* ThumbnailService.swift in Sources */ = {isa = PBXBuildFile; fileRef = ACEDCA572F29AB7700B1E22C /* ThumbnailService.swift */; };
		ACEDCAA72F29AB7700B1E22C /* SpectasiaCore.swift in Sources */ = {isa = PBXBuildFile; fileRef = ACEDCA562F29AB7700B1E22C /* SpectasiaCore.swift */; };
		ACEDCAA82F29AB7700B1E22C /* ImageRepository.swift in Sources */ = {isa = PBXBuildFile; fileRef = ACEDCA542F29AB7700B1E22C /* ImageRepository.swift */; };
		ACEDCAA92F29AB7700B1E22C /* SpectasiaLayout.swift in Sources */ = {isa = PBXBuildFile; fileRef = ACEDCA662F29AB7700B1E22C /* SpectasiaLayout.swift */; };
/* End PBXBuildFile section */

/* Begin PBXContainerItemProxy section */
		AC7CE7702F28E00000E2D895 /* PBXContainerItemProxy */ = {
			isa = PBXContainerItemProxy;
			containerPortal = AC7CE75A2F28DFFF00E2D895 /* Project object */;
			proxyType = 1;
			remoteGlobalIDString = AC7CE7612F28DFFF00E2D895;
			remoteInfo = Spectasia;
		};
		AC7CE77A2F28E00000E2D895 /* PBXContainerItemProxy */ = {
			isa = PBXContainerItemProxy;
			containerPortal = AC7CE75A2F28DFFF00E2D895 /* Project object */;
			proxyType = 1;
			remoteGlobalIDString = AC7CE7612F28DFFF00E2D895;
			remoteInfo = Spectasia;
		};
/* End PBXContainerItemProxy section */

/* Begin PBXFileReference section */
		AC7CE7622F28DFFF00E2D895 /* Spectasia.app */ = {isa = PBXFileReference; explicitFileType = wrapper.application; includeInIndex = 0; path = Spectasia.app; sourceTree = BUILT_PRODUCTS_DIR; };
		AC7CE76F2F28E00000E2D895 /* SpectasiaTests.xctest */ = {isa = PBXFileReference; explicitFileType = wrapper.cfbundle; includeInIndex = 0; path = SpectasiaTests.xctest; sourceTree = BUILT_PRODUCTS_DIR; };
		AC7CE7792F28E00000E2D895 /* SpectasiaUITests.xctest */ = {isa = PBXFileReference; explicitFileType = wrapper.cfbundle; includeInIndex = 0; path = SpectasiaUITests.xctest; sourceTree = BUILT_PRODUCTS_DIR; };
		ACB87DC42F29B26700DC38B0 /* Spectasia.entitlements */ = {isa = PBXFileReference; lastKnownFileType = text.plist.entitlements; name = Spectasia.entitlements; path = Spectasia/Spectasia.entitlements; sourceTree = "<group>"; };
		ACEDCA4F2F29AB7700B1E22C /* Assets.xcassets */ = {isa = PBXFileReference; lastKnownFileType = folder.assetcatalog; path = Assets.xcassets; sourceTree = "<group>"; };
		ACEDCA502F29AB7700B1E22C /* ContentView.swift */ = {isa = PBXFileReference; lastKnownFileType = sourcecode.swift; path = ContentView.swift; sourceTree = "<group>"; };
		ACEDCA512F29AB7700B1E22C /* AIService.swift */ = {isa = PBXFileReference; lastKnownFileType = sourcecode.swift; path = AIService.swift; sourceTree = "<group>"; };
		ACEDCA522F29AB7700B1E22C /* AppConfig.swift */ = {isa = PBXFileReference; lastKnownFileType = sourcecode.swift; path = AppConfig.swift; sourceTree = "<group>"; };
		ACEDCA532F29AB7700B1E22C /* FileMonitorService.swift */ = {isa = PBXFileReference; lastKnownFileType = sourcecode.swift; path = FileMonitorService.swift; sourceTree = "<group>"; };
		ACEDCA542F29AB7700B1E22C /* ImageRepository.swift */ = {isa = PBXFileReference; lastKnownFileType = sourcecode.swift; path = ImageRepository.swift; sourceTree = "<group>"; };
		ACEDCA552F29AB7700B1E22C /* PermissionManager.swift */ = {isa = PBXFileReference; lastKnownFileType = sourcecode.swift; path = PermissionManager.swift; sourceTree = "<group>"; };
		ACEDCA562F29AB7700B1E22C /* SpectasiaCore.swift */ = {isa = PBXFileReference; lastKnownFileType = sourcecode.swift; path = SpectasiaCore.swift; sourceTree = "<group>"; };
		ACEDCA572F29AB7700B1E22C /* ThumbnailService.swift */ = {isa = PBXFileReference; lastKnownFileType = sourcecode.swift; path = ThumbnailService.swift; sourceTree = "<group>"; };
		ACEDCA582F29AB7700B1E22C /* XMPService.swift */ = {isa = PBXFileReference; lastKnownFileType = sourcecode.swift; path = XMPService.swift; sourceTree = "<group>"; };
		ACEDCA5A2F29AB7700B1E22C /* Info.plist */ = {isa = PBXFileReference; lastKnownFileType = text.plist.xml; path = Info.plist; sourceTree = "<group>"; };
		ACEDCA5B2F29AB7700B1E22C /* Localizable.xcstrings */ = {isa = PBXFileReference; lastKnownFileType = text.json.xcstrings; path = Localizable.xcstrings; sourceTree = "<group>"; };
		ACEDCA5E2F29AB7700B1E22C /* SpectasiaApp.swift */ = {isa = PBXFileReference; lastKnownFileType = sourcecode.swift; path = SpectasiaApp.swift; sourceTree = "<group>"; };
		ACEDCA602F29AB7700B1E22C /* DirectoryPicker.swift */ = {isa = PBXFileReference; lastKnownFileType = sourcecode.swift; path = DirectoryPicker.swift; sourceTree = "<group>"; };
		ACEDCA612F29AB7700B1E22C /* GypsumDesignSystem.swift */ = {isa = PBXFileReference; lastKnownFileType = sourcecode.swift; path = GypsumDesignSystem.swift; sourceTree = "<group>"; };
		ACEDCA622F29AB7700B1E22C /* ImageGridView.swift */ = {isa = PBXFileReference; lastKnownFileType = sourcecode.swift; path = ImageGridView.swift; sourceTree = "<group>"; };
		ACEDCA632F29AB7700B1E22C /* MetadataPanel.swift */ = {isa = PBXFileReference; lastKnownFileType = sourcecode.swift; path = MetadataPanel.swift; sourceTree = "<group>"; };
		ACEDCA642F29AB7700B1E22C /* SettingsView.swift */ = {isa = PBXFileReference; lastKnownFileType = sourcecode.swift; path = SettingsView.swift; sourceTree = "<group>"; };
		ACEDCA652F29AB7700B1E22C /* SingleImageView.swift */ = {isa = PBXFileReference; lastKnownFileType = sourcecode.swift; path = SingleImageView.swift; sourceTree = "<group>"; };
		ACEDCA662F29AB7700B1E22C /* SpectasiaLayout.swift */ = {isa = PBXFileReference; lastKnownFileType = sourcecode.swift; path = SpectasiaLayout.swift; sourceTree = "<group>"; };
/* End PBXFileReference section */

/* Begin PBXFileSystemSynchronizedRootGroup section */
		AC7CE7722F28E00000E2D895 /* SpectasiaTests */ = {
			isa = PBXFileSystemSynchronizedRootGroup;
			path = SpectasiaTests;
			sourceTree = "<group>";
		};
		AC7CE77C2F28E00000E2D895 /* SpectasiaUITests */ = {
			isa = PBXFileSystemSynchronizedRootGroup;
			path = SpectasiaUITests;
			sourceTree = "<group>";
		};
/* End PBXFileSystemSynchronizedRootGroup section */

/* Begin PBXFrameworksBuildPhase section */
		AC7CE75F2F28DFFF00E2D895 /* Frameworks */ = {
			isa = PBXFrameworksBuildPhase;
			buildActionMask = 2147483647;
			files = (
			);
			runOnlyForDeploymentPostprocessing = 0;
		};
		AC7CE76C2F28E00000E2D895 /* Frameworks */ = {
			isa = PBXFrameworksBuildPhase;
			buildActionMask = 2147483647;
			files = (
			);
			runOnlyForDeploymentPostprocessing = 0;
		};
		AC7CE7762F28E00000E2D895 /* Frameworks */ = {
			isa = PBXFrameworksBuildPhase;
			buildActionMask = 2147483647;
			files = (
			);
			runOnlyForDeploymentPostprocessing = 0;
		};
/* End PBXFrameworksBuildPhase section */

/* Begin PBXGroup section */
		AC7CE7592F28DFFF00E2D895 = {
			isa = PBXGroup;
			children = (
				AC7CE7722F28E00000E2D895 /* SpectasiaTests */,
				AC7CE77C2F28E00000E2D895 /* SpectasiaUITests */,
				AC7CE7632F28DFFF00E2D895 /* Products */,
				ACEDCA4F2F29AB7700B1E22C /* Assets.xcassets */,
				ACEDCA592F29AB7700B1E22C /* Core */,
				ACEDCA5C2F29AB7700B1E22C /* Resources */,
				ACEDCA5E2F29AB7700B1E22C /* SpectasiaApp.swift */,
				ACB87DC42F29B26700DC38B0 /* Spectasia.entitlements */,
				ACEDCA672F29AB7700B1E22C /* UI */,
			);
			sourceTree = "<group>";
		};
		AC7CE7632F28DFFF00E2D895 /* Products */ = {
			isa = PBXGroup;
			children = (
				AC7CE7622F28DFFF00E2D895 /* Spectasia.app */,
				AC7CE76F2F28E00000E2D895 /* SpectasiaTests.xctest */,
				AC7CE7792F28E00000E2D895 /* SpectasiaUITests.xctest */,
			);
			name = Products;
			sourceTree = "<group>";
		};
		ACEDCA592F29AB7700B1E22C /* Core */ = {
			isa = PBXGroup;
			children = (
				ACEDCA512F29AB7700B1E22C /* AIService.swift */,
				ACEDCA522F29AB7700B1E22C /* AppConfig.swift */,
				ACEDCA532F29AB7700B1E22C /* FileMonitorService.swift */,
				ACEDCA542F29AB7700B1E22C /* ImageRepository.swift */,
				ACEDCA552F29AB7700B1E22C /* PermissionManager.swift */,
				ACEDCA562F29AB7700B1E22C /* SpectasiaCore.swift */,
				ACEDCA572F29AB7700B1E22C /* ThumbnailService.swift */,
				ACEDCA582F29AB7700B1E22C /* XMPService.swift */,
			);
			path = Core;
			sourceTree = "<group>";
		};
		ACEDCA5C2F29AB7700B1E22C /* Resources */ = {
			isa = PBXGroup;
			children = (
				ACEDCA5A2F29AB7700B1E22C /* Info.plist */,
				ACEDCA5B2F29AB7700B1E22C /* Localizable.xcstrings */,
			);
			path = Resources;
			sourceTree = "<group>";
		};
		ACEDCA672F29AB7700B1E22C /* UI */ = {
			isa = PBXGroup;
			children = (
				ACEDCA502F29AB7700B1E22C /* ContentView.swift */,
				ACEDCA602F29AB7700B1E22C /* DirectoryPicker.swift */,
				ACEDCA612F29AB7700B1E22C /* GypsumDesignSystem.swift */,
				ACEDCA622F29AB7700B1E22C /* ImageGridView.swift */,
				ACEDCA632F29AB7700B1E22C /* MetadataPanel.swift */,
				ACEDCA642F29AB7700B1E22C /* SettingsView.swift */,
				ACEDCA652F29AB7700B1E22C /* SingleImageView.swift */,
				ACEDCA662F29AB7700B1E22C /* SpectasiaLayout.swift */,
			);
			path = UI;
			sourceTree = "<group>";
		};
/* End PBXGroup section */

/* Begin PBXNativeTarget section */
		AC7CE7612F28DFFF00E2D895 /* Spectasia */ = {
			isa = PBXNativeTarget;
			buildConfigurationList = AC7CE7832F28E00000E2D895 /* Build configuration list for PBXNativeTarget "Spectasia" */;
			buildPhases = (
				AC7CE75E2F28DFFF00E2D895 /* Sources */,
				AC7CE75F2F28DFFF00E2D895 /* Frameworks */,
				AC7CE7602F28DFFF00E2D895 /* Resources */,
			);
			buildRules = (
			);
			dependencies = (
			);
			name = Spectasia;
			packageProductDependencies = (
			);
			productName = Spectasia;
			productReference = AC7CE7622F28DFFF00E2D895 /* Spectasia.app */;
			productType = "com.apple.product-type.application";
		};
		AC7CE76E2F28E00000E2D895 /* SpectasiaTests */ = {
			isa = PBXNativeTarget;
			buildConfigurationList = AC7CE7862F28E00000E2D895 /* Build configuration list for PBXNativeTarget "SpectasiaTests" */;
			buildPhases = (
				AC7CE76B2F28E00000E2D895 /* Sources */,
				AC7CE76C2F28E00000E2D895 /* Frameworks */,
				AC7CE76D2F28E00000E2D895 /* Resources */,
			);
			buildRules = (
			);
			dependencies = (
				AC7CE7712F28E00000E2D895 /* PBXTargetDependency */,
			);
			fileSystemSynchronizedGroups = (
				AC7CE7722F28E00000E2D895 /* SpectasiaTests */,
			);
			name = SpectasiaTests;
			packageProductDependencies = (
			);
			productName = SpectasiaTests;
			productReference = AC7CE76F2F28E00000E2D895 /* SpectasiaTests.xctest */;
			productType = "com.apple.product-type.bundle.unit-test";
		};
		AC7CE7782F28E00000E2D895 /* SpectasiaUITests */ = {
			isa = PBXNativeTarget;
			buildConfigurationList = AC7CE7892F28E00000E2D895 /* Build configuration list for PBXNativeTarget "SpectasiaUITests" */;
			buildPhases = (
				AC7CE7752F28E00000E2D895 /* Sources */,
				AC7CE7762F28E00000E2D895 /* Frameworks */,
				AC7CE7772F28E00000E2D895 /* Resources */,
			);
			buildRules = (
			);
			dependencies = (
				AC7CE77B2F28E00000E2D895 /* PBXTargetDependency */,
			);
			fileSystemSynchronizedGroups = (
				AC7CE77C2F28E00000E2D895 /* SpectasiaUITests */,
			);
			name = SpectasiaUITests;
			packageProductDependencies = (
			);
			productName = SpectasiaUITests;
			productReference = AC7CE7792F28E00000E2D895 /* SpectasiaUITests.xctest */;
			productType = "com.apple.product-type.bundle.ui-testing";
		};
/* End PBXNativeTarget section */

/* Begin PBXProject section */
		AC7CE75A2F28DFFF00E2D895 /* Project object */ = {
			isa = PBXProject;
			attributes = {
				BuildIndependentTargetsInParallel = 1;
				LastSwiftUpdateCheck = 2620;
				LastUpgradeCheck = 2620;
				TargetAttributes = {
					AC7CE7612F28DFFF00E2D895 = {
						CreatedOnToolsVersion = 26.2;
					};
					AC7CE76E2F28E00000E2D895 = {
						CreatedOnToolsVersion = 26.2;
						TestTargetID = AC7CE7612F28DFFF00E2D895;
					};
					AC7CE7782F28E00000E2D895 = {
						CreatedOnToolsVersion = 26.2;
						TestTargetID = AC7CE7612F28DFFF00E2D895;
					};
				};
			};
			buildConfigurationList = AC7CE75D2F28DFFF00E2D895 /* Build configuration list for PBXProject "Spectasia" */;
			developmentRegion = en;
			hasScannedForEncodings = 0;
			knownRegions = (
				en,
				Base,
			);
			mainGroup = AC7CE7592F28DFFF00E2D895;
			minimizedProjectReferenceProxies = 1;
			preferredProjectObjectVersion = 77;
			productRefGroup = AC7CE7632F28DFFF00E2D895 /* Products */;
			projectDirPath = "";
			projectRoot = "";
			targets = (
				AC7CE7612F28DFFF00E2D895 /* Spectasia */,
				AC7CE76E2F28E00000E2D895 /* SpectasiaTests */,
				AC7CE7782F28E00000E2D895 /* SpectasiaUITests */,
			);
		};
/* End PBXProject section */

/* Begin PBXResourcesBuildPhase section */
		AC7CE7602F28DFFF00E2D895 /* Resources */ = {
			isa = PBXResourcesBuildPhase;
			buildActionMask = 2147483647;
			files = (
				ACEDCA7B2F29AB7700B1E22C /* Localizable.xcstrings in Resources */,
				ACEDCA7C2F29AB7700B1E22C /* Assets.xcassets in Resources */,
				ACEDCA7D2F29AB7700B1E22C /* Info.plist in Resources */,
			);
			runOnlyForDeploymentPostprocessing = 0;
		};
		AC7CE76D2F28E00000E2D895 /* Resources */ = {
			isa = PBXResourcesBuildPhase;
			buildActionMask = 2147483647;
			files = (
				ACEDCA7E2F29AB7700B1E22C /* Localizable.xcstrings in Resources */,
				ACEDCA7F2F29AB7700B1E22C /* Assets.xcassets in Resources */,
				ACEDCA802F29AB7700B1E22C /* Info.plist in Resources */,
			);
			runOnlyForDeploymentPostprocessing = 0;
		};
		AC7CE7772F28E00000E2D895 /* Resources */ = {
			isa = PBXResourcesBuildPhase;
			buildActionMask = 2147483647;
			files = (
				ACEDCA942F29AB7700B1E22C /* Localizable.xcstrings in Resources */,
				ACEDCA952F29AB7700B1E22C /* Assets.xcassets in Resources */,
				ACEDCA962F29AB7700B1E22C /* Info.plist in Resources */,
			);
			runOnlyForDeploymentPostprocessing = 0;
		};
/* End PBXResourcesBuildPhase section */

/* Begin PBXSourcesBuildPhase section */
		AC7CE75E2F28DFFF00E2D895 /* Sources */ = {
			isa = PBXSourcesBuildPhase;
			buildActionMask = 2147483647;
			files = (
				ACEDCA682F29AB7700B1E22C /* DirectoryPicker.swift in Sources */,
				ACEDCA692F29AB7700B1E22C /* AIService.swift in Sources */,
				ACEDCA6A2F29AB7700B1E22C /* AppConfig.swift in Sources */,
				ACEDCA6B2F29AB7700B1E22C /* SingleImageView.swift in Sources */,
				ACEDCA6C2F29AB7700B1E22C /* ContentView.swift in Sources */,
				ACEDCA6D2F29AB7700B1E22C /* SpectasiaApp.swift in Sources */,
				ACEDCA702F29AB7700B1E22C /* SettingsView.swift in Sources */,
				ACEDCA712F29AB7700B1E22C /* XMPService.swift in Sources */,
				ACEDCA722F29AB7700B1E22C /* GypsumDesignSystem.swift in Sources */,
				ACEDCA732F29AB7700B1E22C /* ImageGridView.swift in Sources */,
				ACEDCA742F29AB7700B1E22C /* MetadataPanel.swift in Sources */,
				ACEDCA752F29AB7700B1E22C /* FileMonitorService.swift in Sources */,
				ACEDCA762F29AB7700B1E22C /* PermissionManager.swift in Sources */,
				ACEDCA772F29AB7700B1E22C /* ThumbnailService.swift in Sources */,
				ACEDCA782F29AB7700B1E22C /* SpectasiaCore.swift in Sources */,
				ACEDCA792F29AB7700B1E22C /* ImageRepository.swift in Sources */,
				ACEDCA7A2F29AB7700B1E22C /* SpectasiaLayout.swift in Sources */,
			);
			runOnlyForDeploymentPostprocessing = 0;
		};
		AC7CE76B2F28E00000E2D895 /* Sources */ = {
			isa = PBXSourcesBuildPhase;
			buildActionMask = 2147483647;
			files = (
				ACEDCA812F29AB7700B1E22C /* DirectoryPicker.swift in Sources */,
				ACEDCA822F29AB7700B1E22C /* AIService.swift in Sources */,
				ACEDCA832F29AB7700B1E22C /* AppConfig.swift in Sources */,
				ACEDCA842F29AB7700B1E22C /* SingleImageView.swift in Sources */,
				ACEDCA852F29AB7700B1E22C /* ContentView.swift in Sources */,
				ACEDCA862F29AB7700B1E22C /* SpectasiaApp.swift in Sources */,
				ACEDCA892F29AB7700B1E22C /* SettingsView.swift in Sources */,
				ACEDCA8A2F29AB7700B1E22C /* XMPService.swift in Sources */,
				ACEDCA8B2F29AB7700B1E22C /* GypsumDesignSystem.swift in Sources */,
				ACEDCA8C2F29AB7700B1E22C /* ImageGridView.swift in Sources */,
				ACEDCA8D2F29AB7700B1E22C /* MetadataPanel.swift in Sources */,
				ACEDCA8E2F29AB7700B1E22C /* FileMonitorService.swift in Sources */,
				ACEDCA8F2F29AB7700B1E22C /* PermissionManager.swift in Sources */,
				ACEDCA902F29AB7700B1E22C /* ThumbnailService.swift in Sources */,
				ACEDCA912F29AB7700B1E22C /* SpectasiaCore.swift in Sources */,
				ACEDCA922F29AB7700B1E22C /* ImageRepository.swift in Sources */,
				ACEDCA932F29AB7700B1E22C /* SpectasiaLayout.swift in Sources */,
			);
			runOnlyForDeploymentPostprocessing = 0;
		};
		AC7CE7752F28E00000E2D895 /* Sources */ = {
			isa = PBXSourcesBuildPhase;
			buildActionMask = 2147483647;
			files = (
				ACEDCA972F29AB7700B1E22C /* DirectoryPicker.swift in Sources */,
				ACEDCA982F29AB7700B1E22C /* AIService.swift in Sources */,
				ACEDCA992F29AB7700B1E22C /* AppConfig.swift in Sources */,
				ACEDCA9A2F29AB7700B1E22C /* SingleImageView.swift in Sources */,
				ACEDCA9B2F29AB7700B1E22C /* ContentView.swift in Sources */,
				ACEDCA9C2F29AB7700B1E22C /* SpectasiaApp.swift in Sources */,
				ACEDCA9F2F29AB7700B1E22C /* SettingsView.swift in Sources */,
				ACEDCAA02F29AB7700B1E22C /* XMPService.swift in Sources */,
				ACEDCAA12F29AB7700B1E22C /* GypsumDesignSystem.swift in Sources */,
				ACEDCAA22F29AB7700B1E22C /* ImageGridView.swift in Sources */,
				ACEDCAA32F29AB7700B1E22C /* MetadataPanel.swift in Sources */,
				ACEDCAA42F29AB7700B1E22C /* FileMonitorService.swift in Sources */,
				ACEDCAA52F29AB7700B1E22C /* PermissionManager.swift in Sources */,
				ACEDCAA62F29AB7700B1E22C /* ThumbnailService.swift in Sources */,
				ACEDCAA72F29AB7700B1E22C /* SpectasiaCore.swift in Sources */,
				ACEDCAA82F29AB7700B1E22C /* ImageRepository.swift in Sources */,
				ACEDCAA92F29AB7700B1E22C /* SpectasiaLayout.swift in Sources */,
			);
			runOnlyForDeploymentPostprocessing = 0;
		};
/* End PBXSourcesBuildPhase section */

/* Begin PBXTargetDependency section */
		AC7CE7712F28E00000E2D895 /* PBXTargetDependency */ = {
			isa = PBXTargetDependency;
			target = AC7CE7612F28DFFF00E2D895 /* Spectasia */;
			targetProxy = AC7CE7702F28E00000E2D895 /* PBXContainerItemProxy */;
		};
		AC7CE77B2F28E00000E2D895 /* PBXTargetDependency */ = {
			isa = PBXTargetDependency;
			target = AC7CE7612F28DFFF00E2D895 /* Spectasia */;
			targetProxy = AC7CE77A2F28E00000E2D895 /* PBXContainerItemProxy */;
		};
/* End PBXTargetDependency section */

/* Begin XCBuildConfiguration section */
		AC7CE7812F28E00000E2D895 /* Debug */ = {
			isa = XCBuildConfiguration;
			buildSettings = {
				ALWAYS_SEARCH_USER_PATHS = NO;
				ASSETCATALOG_COMPILER_GENERATE_SWIFT_ASSET_SYMBOL_EXTENSIONS = YES;
				CLANG_ANALYZER_NONNULL = YES;
				CLANG_ANALYZER_NUMBER_OBJECT_CONVERSION = YES_AGGRESSIVE;
				CLANG_CXX_LANGUAGE_STANDARD = "gnu++20";
				CLANG_ENABLE_MODULES = YES;
				CLANG_ENABLE_OBJC_ARC = YES;
				CLANG_ENABLE_OBJC_WEAK = YES;
				CLANG_WARN_BLOCK_CAPTURE_AUTORELEASING = YES;
				CLANG_WARN_BOOL_CONVERSION = YES;
				CLANG_WARN_COMMA = YES;
				CLANG_WARN_CONSTANT_CONVERSION = YES;
				CLANG_WARN_DEPRECATED_OBJC_IMPLEMENTATIONS = YES;
				CLANG_WARN_DIRECT_OBJC_ISA_USAGE = YES_ERROR;
				CLANG_WARN_DOCUMENTATION_COMMENTS = YES;
				CLANG_WARN_EMPTY_BODY = YES;
				CLANG_WARN_ENUM_CONVERSION = YES;
				CLANG_WARN_INFINITE_RECURSION = YES;
				CLANG_WARN_INT_CONVERSION = YES;
				CLANG_WARN_NON_LITERAL_NULL_CONVERSION = YES;
				CLANG_WARN_OBJC_IMPLICIT_RETAIN_SELF = YES;
				CLANG_WARN_OBJC_LITERAL_CONVERSION = YES;
				CLANG_WARN_OBJC_ROOT_CLASS = YES_ERROR;
				CLANG_WARN_QUOTED_INCLUDE_IN_FRAMEWORK_HEADER = YES;
				CLANG_WARN_RANGE_LOOP_ANALYSIS = YES;
				CLANG_WARN_STRICT_PROTOTYPES = YES;
				CLANG_WARN_SUSPICIOUS_MOVE = YES;
				CLANG_WARN_UNGUARDED_AVAILABILITY = YES_AGGRESSIVE;
				CLANG_WARN_UNREACHABLE_CODE = YES;
				CLANG_WARN__DUPLICATE_METHOD_MATCH = YES;
				COPY_PHASE_STRIP = NO;
				DEBUG_INFORMATION_FORMAT = dwarf;
				DEVELOPMENT_TEAM = B75RUJT6KD;
				ENABLE_STRICT_OBJC_MSGSEND = YES;
				ENABLE_TESTABILITY = YES;
				ENABLE_USER_SCRIPT_SANDBOXING = YES;
				GCC_C_LANGUAGE_STANDARD = gnu17;
				GCC_DYNAMIC_NO_PIC = NO;
				GCC_NO_COMMON_BLOCKS = YES;
				GCC_OPTIMIZATION_LEVEL = 0;
				GCC_PREPROCESSOR_DEFINITIONS = (
					"DEBUG=1",
					"$(inherited)",
				);
				GCC_WARN_64_TO_32_BIT_CONVERSION = YES;
				GCC_WARN_ABOUT_RETURN_TYPE = YES_ERROR;
				GCC_WARN_UNDECLARED_SELECTOR = YES;
				GCC_WARN_UNINITIALIZED_AUTOS = YES_AGGRESSIVE;
				GCC_WARN_UNUSED_FUNCTION = YES;
				GCC_WARN_UNUSED_VARIABLE = YES;
				LOCALIZATION_PREFERS_STRING_CATALOGS = YES;
				MTL_ENABLE_DEBUG_INFO = INCLUDE_SOURCE;
				MTL_FAST_MATH = YES;
				SWIFT_ACTIVE_COMPILATION_CONDITIONS = "DEBUG $(inherited)";
				SWIFT_OPTIMIZATION_LEVEL = "-Onone";
			};
			name = Debug;
		};
		AC7CE7822F28E00000E2D895 /* Release */ = {
			isa = XCBuildConfiguration;
			buildSettings = {
				ALWAYS_SEARCH_USER_PATHS = NO;
				ASSETCATALOG_COMPILER_GENERATE_SWIFT_ASSET_SYMBOL_EXTENSIONS = YES;
				CLANG_ANALYZER_NONNULL = YES;
				CLANG_ANALYZER_NUMBER_OBJECT_CONVERSION = YES_AGGRESSIVE;
				CLANG_CXX_LANGUAGE_STANDARD = "gnu++20";
				CLANG_ENABLE_MODULES = YES;
				CLANG_ENABLE_OBJC_ARC = YES;
				CLANG_ENABLE_OBJC_WEAK = YES;
				CLANG_WARN_BLOCK_CAPTURE_AUTORELEASING = YES;
				CLANG_WARN_BOOL_CONVERSION = YES;
				CLANG_WARN_COMMA = YES;
				CLANG_WARN_CONSTANT_CONVERSION = YES;
				CLANG_WARN_DEPRECATED_OBJC_IMPLEMENTATIONS = YES;
				CLANG_WARN_DIRECT_OBJC_ISA_USAGE = YES_ERROR;
				CLANG_WARN_DOCUMENTATION_COMMENTS = YES;
				CLANG_WARN_EMPTY_BODY = YES;
				CLANG_WARN_ENUM_CONVERSION = YES;
				CLANG_WARN_INFINITE_RECURSION = YES;
				CLANG_WARN_INT_CONVERSION = YES;
				CLANG_WARN_NON_LITERAL_NULL_CONVERSION = YES;
				CLANG_WARN_OBJC_IMPLICIT_RETAIN_SELF = YES;
				CLANG_WARN_OBJC_LITERAL_CONVERSION = YES;
				CLANG_WARN_OBJC_ROOT_CLASS = YES_ERROR;
				CLANG_WARN_QUOTED_INCLUDE_IN_FRAMEWORK_HEADER = YES;
				CLANG_WARN_RANGE_LOOP_ANALYSIS = YES;
				CLANG_WARN_STRICT_PROTOTYPES = YES;
				CLANG_WARN_SUSPICIOUS_MOVE = YES;
				CLANG_WARN_UNGUARDED_AVAILABILITY = YES_AGGRESSIVE;
				CLANG_WARN_UNREACHABLE_CODE = YES;
				CLANG_WARN__DUPLICATE_METHOD_MATCH = YES;
				COPY_PHASE_STRIP = NO;
				DEBUG_INFORMATION_FORMAT = "dwarf-with-dsym";
				DEVELOPMENT_TEAM = B75RUJT6KD;
				ENABLE_NS_ASSERTIONS = NO;
				ENABLE_STRICT_OBJC_MSGSEND = YES;
				ENABLE_USER_SCRIPT_SANDBOXING = YES;
				GCC_C_LANGUAGE_STANDARD = gnu17;
				GCC_NO_COMMON_BLOCKS = YES;
				GCC_WARN_64_TO_32_BIT_CONVERSION = YES;
				GCC_WARN_ABOUT_RETURN_TYPE = YES_ERROR;
				GCC_WARN_UNDECLARED_SELECTOR = YES;
				GCC_WARN_UNINITIALIZED_AUTOS = YES_AGGRESSIVE;
				GCC_WARN_UNUSED_FUNCTION = YES;
				GCC_WARN_UNUSED_VARIABLE = YES;
				LOCALIZATION_PREFERS_STRING_CATALOGS = YES;
				MTL_ENABLE_DEBUG_INFO = NO;
				MTL_FAST_MATH = YES;
				SWIFT_COMPILATION_MODE = wholemodule;
			};
			name = Release;
		};
		AC7CE7842F28E00000E2D895 /* Debug */ = {
			isa = XCBuildConfiguration;
			buildSettings = {
				ASSETCATALOG_COMPILER_APPICON_NAME = AppIcon;
				ASSETCATALOG_COMPILER_GLOBAL_ACCENT_COLOR_NAME = AccentColor;
				ASSETCATALOG_COMPILER_INCLUDE_ALL_APPICON_ASSETS = YES;
				AUTOMATION_APPLE_EVENTS = NO;
				CODE_SIGN_ENTITLEMENTS = Spectasia/Spectasia.entitlements;
				"CODE_SIGN_IDENTITY[sdk=macosx*]" = "Apple Development";
				CODE_SIGN_STYLE = Automatic;
				CURRENT_PROJECT_VERSION = 1;
				DEVELOPMENT_TEAM = B75RUJT6KD;
				ENABLE_APP_SANDBOX = YES;
				ENABLE_FILE_ACCESS_DOWNLOADS_FOLDER = readonly;
				ENABLE_FILE_ACCESS_PICTURE_FOLDER = readonly;
				ENABLE_HARDENED_RUNTIME = YES;
				ENABLE_INCOMING_NETWORK_CONNECTIONS = NO;
				ENABLE_OUTGOING_NETWORK_CONNECTIONS = NO;
				ENABLE_PREVIEWS = YES;
				ENABLE_RESOURCE_ACCESS_AUDIO_INPUT = NO;
				ENABLE_RESOURCE_ACCESS_BLUETOOTH = NO;
				ENABLE_RESOURCE_ACCESS_CALENDARS = NO;
				ENABLE_RESOURCE_ACCESS_CAMERA = NO;
				ENABLE_RESOURCE_ACCESS_CONTACTS = NO;
				ENABLE_RESOURCE_ACCESS_LOCATION = YES;
				ENABLE_RESOURCE_ACCESS_PHOTO_LIBRARY = YES;
				ENABLE_RESOURCE_ACCESS_PRINTING = NO;
				ENABLE_RESOURCE_ACCESS_USB = NO;
				ENABLE_USER_SELECTED_FILES = readwrite;
				GENERATE_INFOPLIST_FILE = YES;
				INFOPLIST_KEY_CFBundleDisplayName = Spectasia;
				INFOPLIST_KEY_LSApplicationCategoryType = "public.app-category.utilities";
				"INFOPLIST_KEY_UIApplicationSceneManifest_Generation[sdk=iphoneos*]" = YES;
				"INFOPLIST_KEY_UIApplicationSceneManifest_Generation[sdk=iphonesimulator*]" = YES;
				"INFOPLIST_KEY_UIApplicationSupportsIndirectInputEvents[sdk=iphoneos*]" = YES;
				"INFOPLIST_KEY_UIApplicationSupportsIndirectInputEvents[sdk=iphonesimulator*]" = YES;
				"INFOPLIST_KEY_UILaunchScreen_Generation[sdk=iphoneos*]" = YES;
				"INFOPLIST_KEY_UILaunchScreen_Generation[sdk=iphonesimulator*]" = YES;
				"INFOPLIST_KEY_UIStatusBarStyle[sdk=iphoneos*]" = UIStatusBarStyleDefault;
				"INFOPLIST_KEY_UIStatusBarStyle[sdk=iphonesimulator*]" = UIStatusBarStyleDefault;
				INFOPLIST_KEY_UISupportedInterfaceOrientations_iPad = "UIInterfaceOrientationPortrait UIInterfaceOrientationPortraitUpsideDown UIInterfaceOrientationLandscapeLeft UIInterfaceOrientationLandscapeRight";
				INFOPLIST_KEY_UISupportedInterfaceOrientations_iPhone = "UIInterfaceOrientationPortrait UIInterfaceOrientationLandscapeLeft UIInterfaceOrientationLandscapeRight";
				LD_RUNPATH_SEARCH_PATHS = "@executable_path/Frameworks";
				"LD_RUNPATH_SEARCH_PATHS[sdk=macosx*]" = "@executable_path/../Frameworks";
				MACOSX_DEPLOYMENT_TARGET = 26.0;
				MARKETING_VERSION = 1.0;
				PRODUCT_BUNDLE_IDENTIFIER = dev.studiojin.Spectasia;
				PRODUCT_NAME = "$(TARGET_NAME)";
				REGISTER_APP_GROUPS = YES;
				RUNTIME_EXCEPTION_ALLOW_DYLD_ENVIRONMENT_VARIABLES = NO;
				RUNTIME_EXCEPTION_ALLOW_JIT = NO;
				RUNTIME_EXCEPTION_ALLOW_UNSIGNED_EXECUTABLE_MEMORY = NO;
				RUNTIME_EXCEPTION_DEBUGGING_TOOL = NO;
				RUNTIME_EXCEPTION_DISABLE_EXECUTABLE_PAGE_PROTECTION = NO;
				RUNTIME_EXCEPTION_DISABLE_LIBRARY_VALIDATION = NO;
				SDKROOT = auto;
				STRING_CATALOG_GENERATE_SYMBOLS = YES;
				SUPPORTED_PLATFORMS = macosx;
				SUPPORTS_MACCATALYST = NO;
				SWIFT_APPROACHABLE_CONCURRENCY = YES;
				SWIFT_DEFAULT_ACTOR_ISOLATION = MainActor;
				SWIFT_EMIT_LOC_STRINGS = YES;
				SWIFT_UPCOMING_FEATURE_MEMBER_IMPORT_VISIBILITY = YES;
				SWIFT_VERSION = 5.0;
			};
			name = Debug;
		};
		AC7CE7852F28E00000E2D895 /* Release */ = {
			isa = XCBuildConfiguration;
			buildSettings = {
				ASSETCATALOG_COMPILER_APPICON_NAME = AppIcon;
				ASSETCATALOG_COMPILER_GLOBAL_ACCENT_COLOR_NAME = AccentColor;
				ASSETCATALOG_COMPILER_INCLUDE_ALL_APPICON_ASSETS = YES;
				AUTOMATION_APPLE_EVENTS = NO;
				CODE_SIGN_ENTITLEMENTS = Spectasia/Spectasia.entitlements;
				"CODE_SIGN_IDENTITY[sdk=macosx*]" = "Apple Development";
				CODE_SIGN_STYLE = Automatic;
				CURRENT_PROJECT_VERSION = 1;
				DEVELOPMENT_TEAM = B75RUJT6KD;
				ENABLE_APP_SANDBOX = YES;
				ENABLE_FILE_ACCESS_DOWNLOADS_FOLDER = readonly;
				ENABLE_FILE_ACCESS_PICTURE_FOLDER = readonly;
				ENABLE_HARDENED_RUNTIME = YES;
				ENABLE_INCOMING_NETWORK_CONNECTIONS = NO;
				ENABLE_OUTGOING_NETWORK_CONNECTIONS = NO;
				ENABLE_PREVIEWS = YES;
				ENABLE_RESOURCE_ACCESS_AUDIO_INPUT = NO;
				ENABLE_RESOURCE_ACCESS_BLUETOOTH = NO;
				ENABLE_RESOURCE_ACCESS_CALENDARS = NO;
				ENABLE_RESOURCE_ACCESS_CAMERA = NO;
				ENABLE_RESOURCE_ACCESS_CONTACTS = NO;
				ENABLE_RESOURCE_ACCESS_LOCATION = YES;
				ENABLE_RESOURCE_ACCESS_PHOTO_LIBRARY = YES;
				ENABLE_RESOURCE_ACCESS_PRINTING = NO;
				ENABLE_RESOURCE_ACCESS_USB = NO;
				ENABLE_USER_SELECTED_FILES = readwrite;
				GENERATE_INFOPLIST_FILE = YES;
				INFOPLIST_KEY_CFBundleDisplayName = Spectasia;
				INFOPLIST_KEY_LSApplicationCategoryType = "public.app-category.utilities";
				"INFOPLIST_KEY_UIApplicationSceneManifest_Generation[sdk=iphoneos*]" = YES;
				"INFOPLIST_KEY_UIApplicationSceneManifest_Generation[sdk=iphonesimulator*]" = YES;
				"INFOPLIST_KEY_UIApplicationSupportsIndirectInputEvents[sdk=iphoneos*]" = YES;
				"INFOPLIST_KEY_UIApplicationSupportsIndirectInputEvents[sdk=iphonesimulator*]" = YES;
				"INFOPLIST_KEY_UILaunchScreen_Generation[sdk=iphoneos*]" = YES;
				"INFOPLIST_KEY_UILaunchScreen_Generation[sdk=iphonesimulator*]" = YES;
				"INFOPLIST_KEY_UIStatusBarStyle[sdk=iphoneos*]" = UIStatusBarStyleDefault;
				"INFOPLIST_KEY_UIStatusBarStyle[sdk=iphonesimulator*]" = UIStatusBarStyleDefault;
				INFOPLIST_KEY_UISupportedInterfaceOrientations_iPad = "UIInterfaceOrientationPortrait UIInterfaceOrientationPortraitUpsideDown UIInterfaceOrientationLandscapeLeft UIInterfaceOrientationLandscapeRight";
				INFOPLIST_KEY_UISupportedInterfaceOrientations_iPhone = "UIInterfaceOrientationPortrait UIInterfaceOrientationLandscapeLeft UIInterfaceOrientationLandscapeRight";
				LD_RUNPATH_SEARCH_PATHS = "@executable_path/Frameworks";
				"LD_RUNPATH_SEARCH_PATHS[sdk=macosx*]" = "@executable_path/../Frameworks";
				MACOSX_DEPLOYMENT_TARGET = 26.0;
				MARKETING_VERSION = 1.0;
				PRODUCT_BUNDLE_IDENTIFIER = dev.studiojin.Spectasia;
				PRODUCT_NAME = "$(TARGET_NAME)";
				REGISTER_APP_GROUPS = YES;
				RUNTIME_EXCEPTION_ALLOW_DYLD_ENVIRONMENT_VARIABLES = NO;
				RUNTIME_EXCEPTION_ALLOW_JIT = NO;
				RUNTIME_EXCEPTION_ALLOW_UNSIGNED_EXECUTABLE_MEMORY = NO;
				RUNTIME_EXCEPTION_DEBUGGING_TOOL = NO;
				RUNTIME_EXCEPTION_DISABLE_EXECUTABLE_PAGE_PROTECTION = NO;
				RUNTIME_EXCEPTION_DISABLE_LIBRARY_VALIDATION = NO;
				SDKROOT = auto;
				STRING_CATALOG_GENERATE_SYMBOLS = YES;
				SUPPORTED_PLATFORMS = macosx;
				SUPPORTS_MACCATALYST = NO;
				SWIFT_APPROACHABLE_CONCURRENCY = YES;
				SWIFT_DEFAULT_ACTOR_ISOLATION = MainActor;
				SWIFT_EMIT_LOC_STRINGS = YES;
				SWIFT_UPCOMING_FEATURE_MEMBER_IMPORT_VISIBILITY = YES;
				SWIFT_VERSION = 5.0;
			};
			name = Release;
		};
		AC7CE7872F28E00000E2D895 /* Debug */ = {
			isa = XCBuildConfiguration;
			buildSettings = {
				BUNDLE_LOADER = "$(TEST_HOST)";
				CODE_SIGN_STYLE = Automatic;
				CURRENT_PROJECT_VERSION = 1;
				DEVELOPMENT_TEAM = B75RUJT6KD;
				GENERATE_INFOPLIST_FILE = YES;
				IPHONEOS_DEPLOYMENT_TARGET = 26.2;
				MACOSX_DEPLOYMENT_TARGET = 26.2;
				MARKETING_VERSION = 1.0;
				PRODUCT_BUNDLE_IDENTIFIER = dev.studiojin.SpectasiaTests;
				PRODUCT_NAME = "$(TARGET_NAME)";
				SDKROOT = auto;
				STRING_CATALOG_GENERATE_SYMBOLS = NO;
				SUPPORTED_PLATFORMS = "iphoneos iphonesimulator macosx xros xrsimulator";
				SWIFT_APPROACHABLE_CONCURRENCY = YES;
				SWIFT_EMIT_LOC_STRINGS = NO;
				SWIFT_UPCOMING_FEATURE_MEMBER_IMPORT_VISIBILITY = YES;
				SWIFT_VERSION = 5.0;
				TARGETED_DEVICE_FAMILY = "1,2,7";
				TEST_HOST = "$(BUILT_PRODUCTS_DIR)/Spectasia.app/$(BUNDLE_EXECUTABLE_FOLDER_PATH)/Spectasia";
				XROS_DEPLOYMENT_TARGET = 26.2;
			};
			name = Debug;
		};
		AC7CE7882F28E00000E2D895 /* Release */ = {
			isa = XCBuildConfiguration;
			buildSettings = {
				BUNDLE_LOADER = "$(TEST_HOST)";
				CODE_SIGN_STYLE = Automatic;
				CURRENT_PROJECT_VERSION = 1;
				DEVELOPMENT_TEAM = B75RUJT6KD;
				GENERATE_INFOPLIST_FILE = YES;
				IPHONEOS_DEPLOYMENT_TARGET = 26.2;
				MACOSX_DEPLOYMENT_TARGET = 26.2;
				MARKETING_VERSION = 1.0;
				PRODUCT_BUNDLE_IDENTIFIER = dev.studiojin.SpectasiaTests;
				PRODUCT_NAME = "$(TARGET_NAME)";
				SDKROOT = auto;
				STRING_CATALOG_GENERATE_SYMBOLS = NO;
				SUPPORTED_PLATFORMS = "iphoneos iphonesimulator macosx xros xrsimulator";
				SWIFT_APPROACHABLE_CONCURRENCY = YES;
				SWIFT_EMIT_LOC_STRINGS = NO;
				SWIFT_UPCOMING_FEATURE_MEMBER_IMPORT_VISIBILITY = YES;
				SWIFT_VERSION = 5.0;
				TARGETED_DEVICE_FAMILY = "1,2,7";
				TEST_HOST = "$(BUILT_PRODUCTS_DIR)/Spectasia.app/$(BUNDLE_EXECUTABLE_FOLDER_PATH)/Spectasia";
				XROS_DEPLOYMENT_TARGET = 26.2;
			};
			name = Release;
		};
		AC7CE78A2F28E00000E2D895 /* Debug */ = {
			isa = XCBuildConfiguration;
			buildSettings = {
				CODE_SIGN_STYLE = Automatic;
				CURRENT_PROJECT_VERSION = 1;
				DEVELOPMENT_TEAM = B75RUJT6KD;
				GENERATE_INFOPLIST_FILE = YES;
				IPHONEOS_DEPLOYMENT_TARGET = 26.2;
				MACOSX_DEPLOYMENT_TARGET = 26.2;
				MARKETING_VERSION = 1.0;
				PRODUCT_BUNDLE_IDENTIFIER = dev.studiojin.SpectasiaUITests;
				PRODUCT_NAME = "$(TARGET_NAME)";
				SDKROOT = auto;
				STRING_CATALOG_GENERATE_SYMBOLS = NO;
				SUPPORTED_PLATFORMS = "iphoneos iphonesimulator macosx xros xrsimulator";
				SWIFT_APPROACHABLE_CONCURRENCY = YES;
				SWIFT_EMIT_LOC_STRINGS = NO;
				SWIFT_UPCOMING_FEATURE_MEMBER_IMPORT_VISIBILITY = YES;
				SWIFT_VERSION = 5.0;
				TARGETED_DEVICE_FAMILY = "1,2,7";
				TEST_TARGET_NAME = Spectasia;
				XROS_DEPLOYMENT_TARGET = 26.2;
			};
			name = Debug;
		};
		AC7CE78B2F28E00000E2D895 /* Release */ = {
			isa = XCBuildConfiguration;
			buildSettings = {
				CODE_SIGN_STYLE = Automatic;
				CURRENT_PROJECT_VERSION = 1;
				DEVELOPMENT_TEAM = B75RUJT6KD;
				GENERATE_INFOPLIST_FILE = YES;
				IPHONEOS_DEPLOYMENT_TARGET = 26.2;
				MACOSX_DEPLOYMENT_TARGET = 26.2;
				MARKETING_VERSION = 1.0;
				PRODUCT_BUNDLE_IDENTIFIER = dev.studiojin.SpectasiaUITests;
				PRODUCT_NAME = "$(TARGET_NAME)";
				SDKROOT = auto;
				STRING_CATALOG_GENERATE_SYMBOLS = NO;
				SUPPORTED_PLATFORMS = "iphoneos iphonesimulator macosx xros xrsimulator";
				SWIFT_APPROACHABLE_CONCURRENCY = YES;
				SWIFT_EMIT_LOC_STRINGS = NO;
				SWIFT_UPCOMING_FEATURE_MEMBER_IMPORT_VISIBILITY = YES;
				SWIFT_VERSION = 5.0;
				TARGETED_DEVICE_FAMILY = "1,2,7";
				TEST_TARGET_NAME = Spectasia;
				XROS_DEPLOYMENT_TARGET = 26.2;
			};
			name = Release;
		};
/* End XCBuildConfiguration section */

/* Begin XCConfigurationList section */
		AC7CE75D2F28DFFF00E2D895 /* Build configuration list for PBXProject "Spectasia" */ = {
			isa = XCConfigurationList;
			buildConfigurations = (
				AC7CE7812F28E00000E2D895 /* Debug */,
				AC7CE7822F28E00000E2D895 /* Release */,
			);
			defaultConfigurationIsVisible = 0;
			defaultConfigurationName = Release;
		};
		AC7CE7832F28E00000E2D895 /* Build configuration list for PBXNativeTarget "Spectasia" */ = {
			isa = XCConfigurationList;
			buildConfigurations = (
				AC7CE7842F28E00000E2D895 /* Debug */,
				AC7CE7852F28E00000E2D895 /* Release */,
			);
			defaultConfigurationIsVisible = 0;
			defaultConfigurationName = Release;
		};
		AC7CE7862F28E00000E2D895 /* Build configuration list for PBXNativeTarget "SpectasiaTests" */ = {
			isa = XCConfigurationList;
			buildConfigurations = (
				AC7CE7872F28E00000E2D895 /* Debug */,
				AC7CE7882F28E00000E2D895 /* Release */,
			);
			defaultConfigurationIsVisible = 0;
			defaultConfigurationName = Release;
		};
		AC7CE7892F28E00000E2D895 /* Build configuration list for PBXNativeTarget "SpectasiaUITests" */ = {
			isa = XCConfigurationList;
			buildConfigurations = (
				AC7CE78A2F28E00000E2D895 /* Debug */,
				AC7CE78B2F28E00000E2D895 /* Release */,
			);
			defaultConfigurationIsVisible = 0;
			defaultConfigurationName = Release;
		};
/* End XCConfigurationList section */
	};
	rootObject = AC7CE75A2F28DFFF00E2D895 /* Project object */;
}
