// !$*UTF8*$!
{
	archiveVersion = 1;
	classes = {
	};
	objectVersion = 77;
	objects = {

/* Begin PBXBuildFile section */
		AC0E7D242F2C84EC0083D923 /* SingleImageView.swift in Sources */ = {isa = PBXBuildFile; fileRef = AC0E7D212F2C84EC0083D923 /* SingleImageView.swift */; };
		AC0E7D252F2C84EC0083D923 /* ToastCenter.swift in Sources */ = {isa = PBXBuildFile; fileRef = AC0E7D232F2C84EC0083D923 /* ToastCenter.swift */; };
		AC0E7D262F2C84EC0083D923 /* SpectasiaCommands.swift in Sources */ = {isa = PBXBuildFile; fileRef = AC0E7D222F2C84EC0083D923 /* SpectasiaCommands.swift */; };
		AC0E7D272F2C84EC0083D923 /* ImageListView.swift in Sources */ = {isa = PBXBuildFile; fileRef = AC0E7D202F2C84EC0083D923 /* ImageListView.swift */; };
		AC0E7D282F2C84EC0083D923 /* SingleImageView.swift in Sources */ = {isa = PBXBuildFile; fileRef = AC0E7D212F2C84EC0083D923 /* SingleImageView.swift */; };
		AC0E7D292F2C84EC0083D923 /* ToastCenter.swift in Sources */ = {isa = PBXBuildFile; fileRef = AC0E7D232F2C84EC0083D923 /* ToastCenter.swift */; };
		AC0E7D2A2F2C84EC0083D923 /* SpectasiaCommands.swift in Sources */ = {isa = PBXBuildFile; fileRef = AC0E7D222F2C84EC0083D923 /* SpectasiaCommands.swift */; };
		AC0E7D2B2F2C84EC0083D923 /* ImageListView.swift in Sources */ = {isa = PBXBuildFile; fileRef = AC0E7D202F2C84EC0083D923 /* ImageListView.swift */; };
		AC0E7D5D2F2C89E10083D923 /* SpectasiaCore in Frameworks */ = {isa = PBXBuildFile; productRef = AC0E7D5C2F2C89E10083D923 /* SpectasiaCore */; };
		AC0E7D5F2F2C89E90083D923 /* SpectasiaCore in Frameworks */ = {isa = PBXBuildFile; productRef = AC0E7D5E2F2C89E90083D923 /* SpectasiaCore */; };
		AC0E7D612F2C9B0B0083D923 /* DirectoryTreeView.swift in Sources */ = {isa = PBXBuildFile; fileRef = AC0E7D602F2C9B0B0083D923 /* DirectoryTreeView.swift */; };
		AC0E7D682F2CD8CC0083D923 /* Info.plist in Resources */ = {isa = PBXBuildFile; fileRef = AC0E7D672F2CD8CC0083D923 /* Info.plist */; };
		AC0E7D692F2CD8CC0083D923 /* Info.plist in Resources */ = {isa = PBXBuildFile; fileRef = AC0E7D672F2CD8CC0083D923 /* Info.plist */; };
		AC0E7D6A2F2CD8CC0083D923 /* Info.plist in Resources */ = {isa = PBXBuildFile; fileRef = AC0E7D672F2CD8CC0083D923 /* Info.plist */; };
		ACEDCA682F29AB7700B1E22C /* DirectoryPicker.swift in Sources */ = {isa = PBXBuildFile; fileRef = ACEDCA602F29AB7700B1E22C /* DirectoryPicker.swift */; };
		ACEDCA6C2F29AB7700B1E22C /* ContentView.swift in Sources */ = {isa = PBXBuildFile; fileRef = ACEDCA502F29AB7700B1E22C /* ContentView.swift */; };
		ACEDCA6D2F29AB7700B1E22C /* SpectasiaApp.swift in Sources */ = {isa = PBXBuildFile; fileRef = ACEDCA5E2F29AB7700B1E22C /* SpectasiaApp.swift */; };
		ACEDCA702F29AB7700B1E22C /* SettingsView.swift in Sources */ = {isa = PBXBuildFile; fileRef = ACEDCA642F29AB7700B1E22C /* SettingsView.swift */; };
		ACEDCA722F29AB7700B1E22C /* GypsumDesignSystem.swift in Sources */ = {isa = PBXBuildFile; fileRef = ACEDCA612F29AB7700B1E22C /* GypsumDesignSystem.swift */; };
		ACEDCA732F29AB7700B1E22C /* ImageGridView.swift in Sources */ = {isa = PBXBuildFile; fileRef = ACEDCA622F29AB7700B1E22C /* ImageGridView.swift */; };
		ACEDCA742F29AB7700B1E22C /* MetadataPanel.swift in Sources */ = {isa = PBXBuildFile; fileRef = ACEDCA632F29AB7700B1E22C /* MetadataPanel.swift */; };
		ACEDCA7A2F29AB7700B1E22C /* SpectasiaLayout.swift in Sources */ = {isa = PBXBuildFile; fileRef = ACEDCA662F29AB7700B1E22C /* SpectasiaLayout.swift */; };
		ACEDCA7B2F29AB7700B1E22C /* Localizable.xcstrings in Resources */ = {isa = PBXBuildFile; fileRef = ACEDCA5B2F29AB7700B1E22C /* Localizable.xcstrings */; };
		ACEDCA7C2F29AB7700B1E22C /* Assets.xcassets in Resources */ = {isa = PBXBuildFile; fileRef = ACEDCA4F2F29AB7700B1E22C /* Assets.xcassets */; };
		ACEDCA7E2F29AB7700B1E22C /* Localizable.xcstrings in Resources */ = {isa = PBXBuildFile; fileRef = ACEDCA5B2F29AB7700B1E22C /* Localizable.xcstrings */; };
		ACEDCA7F2F29AB7700B1E22C /* Assets.xcassets in Resources */ = {isa = PBXBuildFile; fileRef = ACEDCA4F2F29AB7700B1E22C /* Assets.xcassets */; };
		ACEDCA942F29AB7700B1E22C /* Localizable.xcstrings in Resources */ = {isa = PBXBuildFile; fileRef = ACEDCA5B2F29AB7700B1E22C /* Localizable.xcstrings */; };
		ACEDCA952F29AB7700B1E22C /* Assets.xcassets in Resources */ = {isa = PBXBuildFile; fileRef = ACEDCA4F2F29AB7700B1E22C /* Assets.xcassets */; };
		ACFCE2FE2F2C2AFC001B9220 /* SpectasiaCore in Frameworks */ = {isa = PBXBuildFile; productRef = ACFCE2FD2F2C2AFC001B9220 /* SpectasiaCore */; };
		ACFCEF012F2C2AFC001B9220 /* AppIntents.framework in Frameworks */ = {isa = PBXBuildFile; fileRef = ACFCEF002F2C2AFC001B9220 /* AppIntents.framework */; };
/* End PBXBuildFile section */

/* Begin PBXContainerItemProxy section */
		AC7CE7702F28E00000E2D895 /* PBXContainerItemProxy */ = {
			isa = PBXContainerItemProxy;
			containerPortal = AC7CE75A2F28DFFF00E2D895 /* Project object */;
			proxyType = 1;
			remoteGlobalIDString = AC7CE7612F28DFFF00E2D895;
			remoteInfo = Spectasia;
		};
		AC7CE77A2F28E00000E2D895 /* PBXContainerItemProxy */ = {
			isa = PBXContainerItemProxy;
			containerPortal = AC7CE75A2F28DFFF00E2D895 /* Project object */;
			proxyType = 1;
			remoteGlobalIDString = AC7CE7612F28DFFF00E2D895;
			remoteInfo = Spectasia;
		};
/* End PBXContainerItemProxy section */

/* Begin PBXFileReference section */
		AC0E7D202F2C84EC0083D923 /* ImageListView.swift */ = {isa = PBXFileReference; lastKnownFileType = sourcecode.swift; path = ImageListView.swift; sourceTree = "<group>"; };
		AC0E7D212F2C84EC0083D923 /* SingleImageView.swift */ = {isa = PBXFileReference; lastKnownFileType = sourcecode.swift; path = SingleImageView.swift; sourceTree = "<group>"; };
		AC0E7D222F2C84EC0083D923 /* SpectasiaCommands.swift */ = {isa = PBXFileReference; lastKnownFileType = sourcecode.swift; path = SpectasiaCommands.swift; sourceTree = "<group>"; };
		AC0E7D232F2C84EC0083D923 /* ToastCenter.swift */ = {isa = PBXFileReference; lastKnownFileType = sourcecode.swift; path = ToastCenter.swift; sourceTree = "<group>"; };
		AC0E7D602F2C9B0B0083D923 /* DirectoryTreeView.swift */ = {isa = PBXFileReference; lastKnownFileType = sourcecode.swift; path = DirectoryTreeView.swift; sourceTree = "<group>"; };
		AC0E7D672F2CD8CC0083D923 /* Info.plist */ = {isa = PBXFileReference; lastKnownFileType = text.plist.xml; path = Info.plist; sourceTree = "<group>"; };
		AC7CE7622F28DFFF00E2D895 /* Spectasia.app */ = {isa = PBXFileReference; explicitFileType = wrapper.application; includeInIndex = 0; path = Spectasia.app; sourceTree = BUILT_PRODUCTS_DIR; };
		AC7CE76F2F28E00000E2D895 /* SpectasiaTests.xctest */ = {isa = PBXFileReference; explicitFileType = wrapper.cfbundle; includeInIndex = 0; path = SpectasiaTests.xctest; sourceTree = BUILT_PRODUCTS_DIR; };
		AC7CE7792F28E00000E2D895 /* SpectasiaUITests.xctest */ = {isa = PBXFileReference; explicitFileType = wrapper.cfbundle; includeInIndex = 0; path = SpectasiaUITests.xctest; sourceTree = BUILT_PRODUCTS_DIR; };
		ACB87DC42F29B26700DC38B0 /* Spectasia.entitlements */ = {isa = PBXFileReference; lastKnownFileType = text.plist.entitlements; name = Spectasia.entitlements; path = Spectasia/Spectasia.entitlements; sourceTree = "<group>"; };
		ACEDCA4F2F29AB7700B1E22C /* Assets.xcassets */ = {isa = PBXFileReference; lastKnownFileType = folder.assetcatalog; path = Assets.xcassets; sourceTree = "<group>"; };
		ACEDCA502F29AB7700B1E22C /* ContentView.swift */ = {isa = PBXFileReference; lastKnownFileType = sourcecode.swift; path = ContentView.swift; sourceTree = "<group>"; };
		ACEDCA5B2F29AB7700B1E22C /* Localizable.xcstrings */ = {isa = PBXFileReference; lastKnownFileType = text.json.xcstrings; path = Localizable.xcstrings; sourceTree = "<group>"; };
		ACEDCA5E2F29AB7700B1E22C /* SpectasiaApp.swift */ = {isa = PBXFileReference; lastKnownFileType = sourcecode.swift; path = SpectasiaApp.swift; sourceTree = "<group>"; };
		ACEDCA602F29AB7700B1E22C /* DirectoryPicker.swift */ = {isa = PBXFileReference; lastKnownFileType = sourcecode.swift; path = DirectoryPicker.swift; sourceTree = "<group>"; };
		ACEDCA612F29AB7700B1E22C /* GypsumDesignSystem.swift */ = {isa = PBXFileReference; lastKnownFileType = sourcecode.swift; path = GypsumDesignSystem.swift; sourceTree = "<group>"; };
		ACEDCA622F29AB7700B1E22C /* ImageGridView.swift */ = {isa = PBXFileReference; lastKnownFileType = sourcecode.swift; path = ImageGridView.swift; sourceTree = "<group>"; };
		ACEDCA632F29AB7700B1E22C /* MetadataPanel.swift */ = {isa = PBXFileReference; lastKnownFileType = sourcecode.swift; path = MetadataPanel.swift; sourceTree = "<group>"; };
		ACEDCA642F29AB7700B1E22C /* SettingsView.swift */ = {isa = PBXFileReference; lastKnownFileType = sourcecode.swift; path = SettingsView.swift; sourceTree = "<group>"; };
		ACEDCA662F29AB7700B1E22C /* SpectasiaLayout.swift */ = {isa = PBXFileReference; lastKnownFileType = sourcecode.swift; path = SpectasiaLayout.swift; sourceTree = "<group>"; };
		ACFCEF002F2C2AFC001B9220 /* AppIntents.framework */ = {isa = PBXFileReference; lastKnownFileType = wrapper.framework; path = AppIntents.framework; sourceTree = SDKROOT; };
/* End PBXFileReference section */

/* Begin PBXFileSystemSynchronizedRootGroup section */
		AC7CE7722F28E00000E2D895 /* SpectasiaTests */ = {
			isa = PBXFileSystemSynchronizedRootGroup;
			path = SpectasiaTests;
			sourceTree = "<group>";
		};
		AC7CE77C2F28E00000E2D895 /* SpectasiaUITests */ = {
			isa = PBXFileSystemSynchronizedRootGroup;
			path = SpectasiaUITests;
			sourceTree = "<group>";
		};
/* End PBXFileSystemSynchronizedRootGroup section */

/* Begin PBXFrameworksBuildPhase section */
		AC7CE75F2F28DFFF00E2D895 /* Frameworks */ = {
			isa = PBXFrameworksBuildPhase;
			buildActionMask = 2147483647;
			files = (
				ACFCE2FE2F2C2AFC001B9220 /* SpectasiaCore in Frameworks */,
				ACFCEF012F2C2AFC001B9220 /* AppIntents.framework in Frameworks */,
			);
			runOnlyForDeploymentPostprocessing = 0;
		};
		AC7CE76C2F28E00000E2D895 /* Frameworks */ = {
			isa = PBXFrameworksBuildPhase;
			buildActionMask = 2147483647;
			files = (
				AC0E7D5D2F2C89E10083D923 /* SpectasiaCore in Frameworks */,
			);
			runOnlyForDeploymentPostprocessing = 0;
		};
		AC7CE7762F28E00000E2D895 /* Frameworks */ = {
			isa = PBXFrameworksBuildPhase;
			buildActionMask = 2147483647;
			files = (
				AC0E7D5F2F2C89E90083D923 /* SpectasiaCore in Frameworks */,
			);
			runOnlyForDeploymentPostprocessing = 0;
		};
/* End PBXFrameworksBuildPhase section */

/* Begin PBXGroup section */
		AC7CE7592F28DFFF00E2D895 = {
			isa = PBXGroup;
			children = (
				AC0E7D672F2CD8CC0083D923 /* Info.plist */,
				AC7CE7722F28E00000E2D895 /* SpectasiaTests */,
				AC7CE77C2F28E00000E2D895 /* SpectasiaUITests */,
				AC7CE7632F28DFFF00E2D895 /* Products */,
				ACEDCA4F2F29AB7700B1E22C /* Assets.xcassets */,
				ACEDCA5C2F29AB7700B1E22C /* Resources */,
				ACEDCA5E2F29AB7700B1E22C /* SpectasiaApp.swift */,
				ACB87DC42F29B26700DC38B0 /* Spectasia.entitlements */,
				ACEDCA672F29AB7700B1E22C /* UI */,
				ACFCE2FC2F2C2AFC001B9220 /* Frameworks */,
			);
			sourceTree = "<group>";
		};
		AC7CE7632F28DFFF00E2D895 /* Products */ = {
			isa = PBXGroup;
			children = (
				AC7CE7622F28DFFF00E2D895 /* Spectasia.app */,
				AC7CE76F2F28E00000E2D895 /* SpectasiaTests.xctest */,
				AC7CE7792F28E00000E2D895 /* SpectasiaUITests.xctest */,
			);
			name = Products;
			sourceTree = "<group>";
		};
		ACEDCA5C2F29AB7700B1E22C /* Resources */ = {
			isa = PBXGroup;
			children = (
				ACEDCA5B2F29AB7700B1E22C /* Localizable.xcstrings */,
			);
			path = Resources;
			sourceTree = "<group>";
		};
		ACEDCA672F29AB7700B1E22C /* UI */ = {
			isa = PBXGroup;
			children = (
				AC0E7D202F2C84EC0083D923 /* ImageListView.swift */,
				AC0E7D212F2C84EC0083D923 /* SingleImageView.swift */,
				AC0E7D222F2C84EC0083D923 /* SpectasiaCommands.swift */,
				AC0E7D232F2C84EC0083D923 /* ToastCenter.swift */,
				ACEDCA502F29AB7700B1E22C /* ContentView.swift */,
				ACEDCA602F29AB7700B1E22C /* DirectoryPicker.swift */,
				ACEDCA612F29AB7700B1E22C /* GypsumDesignSystem.swift */,
				ACEDCA622F29AB7700B1E22C /* ImageGridView.swift */,
				ACEDCA632F29AB7700B1E22C /* MetadataPanel.swift */,
				ACEDCA642F29AB7700B1E22C /* SettingsView.swift */,
				ACEDCA662F29AB7700B1E22C /* SpectasiaLayout.swift */,
				AC0E7D602F2C9B0B0083D923 /* DirectoryTreeView.swift */,
			);
			path = UI;
			sourceTree = "<group>";
		};
		ACFCE2FC2F2C2AFC001B9220 /* Frameworks */ = {
			isa = PBXGroup;
			children = (
				ACFCEF002F2C2AFC001B9220 /* AppIntents.framework */,
			);
			name = Frameworks;
			sourceTree = "<group>";
		};
/* End PBXGroup section */

/* Begin PBXNativeTarget section */
		AC7CE7612F28DFFF00E2D895 /* Spectasia */ = {
			isa = PBXNativeTarget;
			buildConfigurationList = AC7CE7832F28E00000E2D895 /* Build configuration list for PBXNativeTarget "Spectasia" */;
			buildPhases = (
				AC7CE75E2F28DFFF00E2D895 /* Sources */,
				AC7CE75F2F28DFFF00E2D895 /* Frameworks */,
				AC7CE7602F28DFFF00E2D895 /* Resources */,
			);
			buildRules = (
			);
			dependencies = (
			);
			name = Spectasia;
			packageProductDependencies = (
				ACFCE2FD2F2C2AFC001B9220 /* SpectasiaCore */,
			);
			productName = Spectasia;
			productReference = AC7CE7622F28DFFF00E2D895 /* Spectasia.app */;
			productType = "com.apple.product-type.application";
		};
		AC7CE76E2F28E00000E2D895 /* SpectasiaTests */ = {
			isa = PBXNativeTarget;
			buildConfigurationList = AC7CE7862F28E00000E2D895 /* Build configuration list for PBXNativeTarget "SpectasiaTests" */;
			buildPhases = (
				AC7CE76B2F28E00000E2D895 /* Sources */,
				AC7CE76C2F28E00000E2D895 /* Frameworks */,
				AC7CE76D2F28E00000E2D895 /* Resources */,
			);
			buildRules = (
			);
			dependencies = (
				AC7CE7712F28E00000E2D895 /* PBXTargetDependency */,
			);
			fileSystemSynchronizedGroups = (
				AC7CE7722F28E00000E2D895 /* SpectasiaTests */,
			);
			name = SpectasiaTests;
			packageProductDependencies = (
				AC0E7D5C2F2C89E10083D923 /* SpectasiaCore */,
			);
			productName = SpectasiaTests;
			productReference = AC7CE76F2F28E00000E2D895 /* SpectasiaTests.xctest */;
			productType = "com.apple.product-type.bundle.unit-test";
		};
		AC7CE7782F28E00000E2D895 /* SpectasiaUITests */ = {
			isa = PBXNativeTarget;
			buildConfigurationList = AC7CE7892F28E00000E2D895 /* Build configuration list for PBXNativeTarget "SpectasiaUITests" */;
			buildPhases = (
				AC7CE7752F28E00000E2D895 /* Sources */,
				AC7CE7762F28E00000E2D895 /* Frameworks */,
				AC7CE7772F28E00000E2D895 /* Resources */,
			);
			buildRules = (
			);
			dependencies = (
				AC7CE77B2F28E00000E2D895 /* PBXTargetDependency */,
			);
			fileSystemSynchronizedGroups = (
				AC7CE77C2F28E00000E2D895 /* SpectasiaUITests */,
			);
			name = SpectasiaUITests;
			packageProductDependencies = (
				AC0E7D5E2F2C89E90083D923 /* SpectasiaCore */,
			);
			productName = SpectasiaUITests;
			productReference = AC7CE7792F28E00000E2D895 /* SpectasiaUITests.xctest */;
			productType = "com.apple.product-type.bundle.ui-testing";
		};
/* End PBXNativeTarget section */

/* Begin PBXProject section */
		AC7CE75A2F28DFFF00E2D895 /* Project object */ = {
			isa = PBXProject;
			attributes = {
				BuildIndependentTargetsInParallel = 1;
				LastSwiftUpdateCheck = 2620;
				LastUpgradeCheck = 2620;
				TargetAttributes = {
					AC7CE7612F28DFFF00E2D895 = {
						CreatedOnToolsVersion = 26.2;
					};
					AC7CE76E2F28E00000E2D895 = {
						CreatedOnToolsVersion = 26.2;
						TestTargetID = AC7CE7612F28DFFF00E2D895;
					};
					AC7CE7782F28E00000E2D895 = {
						CreatedOnToolsVersion = 26.2;
						TestTargetID = AC7CE7612F28DFFF00E2D895;
					};
				};
			};
			buildConfigurationList = AC7CE75D2F28DFFF00E2D895 /* Build configuration list for PBXProject "Spectasia" */;
			developmentRegion = en;
			hasScannedForEncodings = 0;
			knownRegions = (
				en,
				Base,
			);
			mainGroup = AC7CE7592F28DFFF00E2D895;
			minimizedProjectReferenceProxies = 1;
			packageReferences = (
				ACFCE2F92F2C2989001B9220 /* XCLocalSwiftPackageReference "SpectasiaCore" */,
			);
			preferredProjectObjectVersion = 77;
			productRefGroup = AC7CE7632F28DFFF00E2D895 /* Products */;
			projectDirPath = "";
			projectRoot = "";
			targets = (
				AC7CE7612F28DFFF00E2D895 /* Spectasia */,
				AC7CE76E2F28E00000E2D895 /* SpectasiaTests */,
				AC7CE7782F28E00000E2D895 /* SpectasiaUITests */,
			);
		};
/* End PBXProject section */

/* Begin PBXResourcesBuildPhase section */
		AC7CE7602F28DFFF00E2D895 /* Resources */ = {
			isa = PBXResourcesBuildPhase;
			buildActionMask = 2147483647;
			files = (
				ACEDCA7B2F29AB7700B1E22C /* Localizable.xcstrings in Resources */,
				ACEDCA7C2F29AB7700B1E22C /* Assets.xcassets in Resources */,
				AC0E7D682F2CD8CC0083D923 /* Info.plist in Resources */,
			);
			runOnlyForDeploymentPostprocessing = 0;
		};
		AC7CE76D2F28E00000E2D895 /* Resources */ = {
			isa = PBXResourcesBuildPhase;
			buildActionMask = 2147483647;
			files = (
				ACEDCA7E2F29AB7700B1E22C /* Localizable.xcstrings in Resources */,
				ACEDCA7F2F29AB7700B1E22C /* Assets.xcassets in Resources */,
				AC0E7D692F2CD8CC0083D923 /* Info.plist in Resources */,
			);
			runOnlyForDeploymentPostprocessing = 0;
		};
		AC7CE7772F28E00000E2D895 /* Resources */ = {
			isa = PBXResourcesBuildPhase;
			buildActionMask = 2147483647;
			files = (
				ACEDCA942F29AB7700B1E22C /* Localizable.xcstrings in Resources */,
				ACEDCA952F29AB7700B1E22C /* Assets.xcassets in Resources */,
				AC0E7D6A2F2CD8CC0083D923 /* Info.plist in Resources */,
			);
			runOnlyForDeploymentPostprocessing = 0;
		};
/* End PBXResourcesBuildPhase section */

/* Begin PBXSourcesBuildPhase section */
		AC7CE75E2F28DFFF00E2D895 /* Sources */ = {
			isa = PBXSourcesBuildPhase;
			buildActionMask = 2147483647;
			files = (
				AC0E7D612F2C9B0B0083D923 /* DirectoryTreeView.swift in Sources */,
				ACEDCA682F29AB7700B1E22C /* DirectoryPicker.swift in Sources */,
				ACEDCA6C2F29AB7700B1E22C /* ContentView.swift in Sources */,
				ACEDCA6D2F29AB7700B1E22C /* SpectasiaApp.swift in Sources */,
				ACEDCA702F29AB7700B1E22C /* SettingsView.swift in Sources */,
				ACEDCA722F29AB7700B1E22C /* GypsumDesignSystem.swift in Sources */,
				AC0E7D242F2C84EC0083D923 /* SingleImageView.swift in Sources */,
				AC0E7D252F2C84EC0083D923 /* ToastCenter.swift in Sources */,
				AC0E7D262F2C84EC0083D923 /* SpectasiaCommands.swift in Sources */,
				AC0E7D272F2C84EC0083D923 /* ImageListView.swift in Sources */,
				ACEDCA732F29AB7700B1E22C /* ImageGridView.swift in Sources */,
				ACEDCA742F29AB7700B1E22C /* MetadataPanel.swift in Sources */,
				ACEDCA7A2F29AB7700B1E22C /* SpectasiaLayout.swift in Sources */,
			);
			runOnlyForDeploymentPostprocessing = 0;
		};
		AC7CE76B2F28E00000E2D895 /* Sources */ = {
			isa = PBXSourcesBuildPhase;
			buildActionMask = 2147483647;
			files = (
			);
			runOnlyForDeploymentPostprocessing = 0;
		};
		AC7CE7752F28E00000E2D895 /* Sources */ = {
			isa = PBXSourcesBuildPhase;
			buildActionMask = 2147483647;
			files = (
				AC0E7D282F2C84EC0083D923 /* SingleImageView.swift in Sources */,
				AC0E7D292F2C84EC0083D923 /* ToastCenter.swift in Sources */,
				AC0E7D2A2F2C84EC0083D923 /* SpectasiaCommands.swift in Sources */,
				AC0E7D2B2F2C84EC0083D923 /* ImageListView.swift in Sources */,
			);
			runOnlyForDeploymentPostprocessing = 0;
		};
/* End PBXSourcesBuildPhase section */

/* Begin PBXTargetDependency section */
		AC7CE7712F28E00000E2D895 /* PBXTargetDependency */ = {
			isa = PBXTargetDependency;
			target = AC7CE7612F28DFFF00E2D895 /* Spectasia */;
			targetProxy = AC7CE7702F28E00000E2D895 /* PBXContainerItemProxy */;
		};
		AC7CE77B2F28E00000E2D895 /* PBXTargetDependency */ = {
			isa = PBXTargetDependency;
			target = AC7CE7612F28DFFF00E2D895 /* Spectasia */;
			targetProxy = AC7CE77A2F28E00000E2D895 /* PBXContainerItemProxy */;
		};
/* End PBXTargetDependency section */

/* Begin XCBuildConfiguration section */
		AC7CE7812F28E00000E2D895 /* Debug */ = {
			isa = XCBuildConfiguration;
			buildSettings = {
				ALWAYS_SEARCH_USER_PATHS = NO;
				ASSETCATALOG_COMPILER_GENERATE_SWIFT_ASSET_SYMBOL_EXTENSIONS = YES;
				CLANG_ANALYZER_NONNULL = YES;
				CLANG_ANALYZER_NUMBER_OBJECT_CONVERSION = YES_AGGRESSIVE;
				CLANG_CXX_LANGUAGE_STANDARD = "gnu++20";
				CLANG_ENABLE_MODULES = YES;
				CLANG_ENABLE_OBJC_ARC = YES;
				CLANG_ENABLE_OBJC_WEAK = YES;
				CLANG_WARN_BLOCK_CAPTURE_AUTORELEASING = YES;
				CLANG_WARN_BOOL_CONVERSION = YES;
				CLANG_WARN_COMMA = YES;
				CLANG_WARN_CONSTANT_CONVERSION = YES;
				CLANG_WARN_DEPRECATED_OBJC_IMPLEMENTATIONS = YES;
				CLANG_WARN_DIRECT_OBJC_ISA_USAGE = YES_ERROR;
				CLANG_WARN_DOCUMENTATION_COMMENTS = YES;
				CLANG_WARN_EMPTY_BODY = YES;
				CLANG_WARN_ENUM_CONVERSION = YES;
				CLANG_WARN_INFINITE_RECURSION = YES;
				CLANG_WARN_INT_CONVERSION = YES;
				CLANG_WARN_NON_LITERAL_NULL_CONVERSION = YES;
				CLANG_WARN_OBJC_IMPLICIT_RETAIN_SELF = YES;
				CLANG_WARN_OBJC_LITERAL_CONVERSION = YES;
				CLANG_WARN_OBJC_ROOT_CLASS = YES_ERROR;
				CLANG_WARN_QUOTED_INCLUDE_IN_FRAMEWORK_HEADER = YES;
				CLANG_WARN_RANGE_LOOP_ANALYSIS = YES;
				CLANG_WARN_STRICT_PROTOTYPES = YES;
				CLANG_WARN_SUSPICIOUS_MOVE = YES;
				CLANG_WARN_UNGUARDED_AVAILABILITY = YES_AGGRESSIVE;
				CLANG_WARN_UNREACHABLE_CODE = YES;
				CLANG_WARN__DUPLICATE_METHOD_MATCH = YES;
				COPY_PHASE_STRIP = NO;
				DEBUG_INFORMATION_FORMAT = dwarf;
				DEVELOPMENT_TEAM = B75RUJT6KD;
				ENABLE_STRICT_OBJC_MSGSEND = YES;
				ENABLE_TESTABILITY = YES;
				ENABLE_USER_SCRIPT_SANDBOXING = YES;
				GCC_C_LANGUAGE_STANDARD = gnu17;
				GCC_DYNAMIC_NO_PIC = NO;
				GCC_NO_COMMON_BLOCKS = YES;
				GCC_OPTIMIZATION_LEVEL = 0;
				GCC_PREPROCESSOR_DEFINITIONS = (
					"DEBUG=1",
					"$(inherited)",
				);
				GCC_WARN_64_TO_32_BIT_CONVERSION = YES;
				GCC_WARN_ABOUT_RETURN_TYPE = YES_ERROR;
				GCC_WARN_UNDECLARED_SELECTOR = YES;
				GCC_WARN_UNINITIALIZED_AUTOS = YES_AGGRESSIVE;
				GCC_WARN_UNUSED_FUNCTION = YES;
				GCC_WARN_UNUSED_VARIABLE = YES;
				LOCALIZATION_PREFERS_STRING_CATALOGS = YES;
				MTL_ENABLE_DEBUG_INFO = INCLUDE_SOURCE;
				MTL_FAST_MATH = YES;
				SWIFT_ACTIVE_COMPILATION_CONDITIONS = "DEBUG $(inherited)";
				SWIFT_OPTIMIZATION_LEVEL = "-Onone";
			};
			name = Debug;
		};
		AC7CE7822F28E00000E2D895 /* Release */ = {
			isa = XCBuildConfiguration;
			buildSettings = {
				ALWAYS_SEARCH_USER_PATHS = NO;
				ASSETCATALOG_COMPILER_GENERATE_SWIFT_ASSET_SYMBOL_EXTENSIONS = YES;
				CLANG_ANALYZER_NONNULL = YES;
				CLANG_ANALYZER_NUMBER_OBJECT_CONVERSION = YES_AGGRESSIVE;
				CLANG_CXX_LANGUAGE_STANDARD = "gnu++20";
				CLANG_ENABLE_MODULES = YES;
				CLANG_ENABLE_OBJC_ARC = YES;
				CLANG_ENABLE_OBJC_WEAK = YES;
				CLANG_WARN_BLOCK_CAPTURE_AUTORELEASING = YES;
				CLANG_WARN_BOOL_CONVERSION = YES;
				CLANG_WARN_COMMA = YES;
				CLANG_WARN_CONSTANT_CONVERSION = YES;
				CLANG_WARN_DEPRECATED_OBJC_IMPLEMENTATIONS = YES;
				CLANG_WARN_DIRECT_OBJC_ISA_USAGE = YES_ERROR;
				CLANG_WARN_DOCUMENTATION_COMMENTS = YES;
				CLANG_WARN_EMPTY_BODY = YES;
				CLANG_WARN_ENUM_CONVERSION = YES;
				CLANG_WARN_INFINITE_RECURSION = YES;
				CLANG_WARN_INT_CONVERSION = YES;
				CLANG_WARN_NON_LITERAL_NULL_CONVERSION = YES;
				CLANG_WARN_OBJC_IMPLICIT_RETAIN_SELF = YES;
				CLANG_WARN_OBJC_LITERAL_CONVERSION = YES;
				CLANG_WARN_OBJC_ROOT_CLASS = YES_ERROR;
				CLANG_WARN_QUOTED_INCLUDE_IN_FRAMEWORK_HEADER = YES;
				CLANG_WARN_RANGE_LOOP_ANALYSIS = YES;
				CLANG_WARN_STRICT_PROTOTYPES = YES;
				CLANG_WARN_SUSPICIOUS_MOVE = YES;
				CLANG_WARN_UNGUARDED_AVAILABILITY = YES_AGGRESSIVE;
				CLANG_WARN_UNREACHABLE_CODE = YES;
				CLANG_WARN__DUPLICATE_METHOD_MATCH = YES;
				COPY_PHASE_STRIP = NO;
				DEBUG_INFORMATION_FORMAT = "dwarf-with-dsym";
				DEVELOPMENT_TEAM = B75RUJT6KD;
				ENABLE_NS_ASSERTIONS = NO;
				ENABLE_STRICT_OBJC_MSGSEND = YES;
				ENABLE_USER_SCRIPT_SANDBOXING = YES;
				GCC_C_LANGUAGE_STANDARD = gnu17;
				GCC_NO_COMMON_BLOCKS = YES;
				GCC_WARN_64_TO_32_BIT_CONVERSION = YES;
				GCC_WARN_ABOUT_RETURN_TYPE = YES_ERROR;
				GCC_WARN_UNDECLARED_SELECTOR = YES;
				GCC_WARN_UNINITIALIZED_AUTOS = YES_AGGRESSIVE;
				GCC_WARN_UNUSED_FUNCTION = YES;
				GCC_WARN_UNUSED_VARIABLE = YES;
				LOCALIZATION_PREFERS_STRING_CATALOGS = YES;
				MTL_ENABLE_DEBUG_INFO = NO;
				MTL_FAST_MATH = YES;
				SWIFT_COMPILATION_MODE = wholemodule;
			};
			name = Release;
		};
		AC7CE7842F28E00000E2D895 /* Debug */ = {
			isa = XCBuildConfiguration;
			buildSettings = {
				ASSETCATALOG_COMPILER_APPICON_NAME = AppIcon;
				ASSETCATALOG_COMPILER_GLOBAL_ACCENT_COLOR_NAME = AccentColor;
				ASSETCATALOG_COMPILER_INCLUDE_ALL_APPICON_ASSETS = YES;
				AUTOMATION_APPLE_EVENTS = NO;
				CODE_SIGN_ENTITLEMENTS = Spectasia/Spectasia.entitlements;
				"CODE_SIGN_IDENTITY[sdk=macosx*]" = "Apple Development";
				CODE_SIGN_STYLE = Automatic;
				CURRENT_PROJECT_VERSION = 1;
				DEVELOPMENT_TEAM = B75RUJT6KD;
				ENABLE_APP_SANDBOX = YES;
				ENABLE_FILE_ACCESS_DOWNLOADS_FOLDER = readonly;
				ENABLE_FILE_ACCESS_PICTURE_FOLDER = readonly;
				ENABLE_HARDENED_RUNTIME = YES;
				ENABLE_INCOMING_NETWORK_CONNECTIONS = NO;
				ENABLE_OUTGOING_NETWORK_CONNECTIONS = NO;
				ENABLE_PREVIEWS = YES;
				ENABLE_RESOURCE_ACCESS_AUDIO_INPUT = NO;
				ENABLE_RESOURCE_ACCESS_BLUETOOTH = NO;
				ENABLE_RESOURCE_ACCESS_CALENDARS = NO;
				ENABLE_RESOURCE_ACCESS_CAMERA = NO;
				ENABLE_RESOURCE_ACCESS_CONTACTS = NO;
				ENABLE_RESOURCE_ACCESS_LOCATION = YES;
				ENABLE_RESOURCE_ACCESS_PHOTO_LIBRARY = YES;
				ENABLE_RESOURCE_ACCESS_PRINTING = NO;
				ENABLE_RESOURCE_ACCESS_USB = NO;
				ENABLE_USER_SELECTED_FILES = readwrite;
				GENERATE_INFOPLIST_FILE = YES;
				INFOPLIST_FILE = Spectasia/Info.plist;
				INFOPLIST_KEY_CFBundleDisplayName = Spectasia;
				INFOPLIST_KEY_LSApplicationCategoryType = "public.app-category.utilities";
				INFOPLIST_KEY_NSRemovableVolumesUsageDescription = "Spectasia needs access to external drives to browse and manage images.";
				"INFOPLIST_KEY_UIApplicationSceneManifest_Generation[sdk=iphoneos*]" = YES;
				"INFOPLIST_KEY_UIApplicationSceneManifest_Generation[sdk=iphonesimulator*]" = YES;
				"INFOPLIST_KEY_UIApplicationSupportsIndirectInputEvents[sdk=iphoneos*]" = YES;
				"INFOPLIST_KEY_UIApplicationSupportsIndirectInputEvents[sdk=iphonesimulator*]" = YES;
				"INFOPLIST_KEY_UILaunchScreen_Generation[sdk=iphoneos*]" = YES;
				"INFOPLIST_KEY_UILaunchScreen_Generation[sdk=iphonesimulator*]" = YES;
				"INFOPLIST_KEY_UIStatusBarStyle[sdk=iphoneos*]" = UIStatusBarStyleDefault;
				"INFOPLIST_KEY_UIStatusBarStyle[sdk=iphonesimulator*]" = UIStatusBarStyleDefault;
				INFOPLIST_KEY_UISupportedInterfaceOrientations_iPad = "UIInterfaceOrientationPortrait UIInterfaceOrientationPortraitUpsideDown UIInterfaceOrientationLandscapeLeft UIInterfaceOrientationLandscapeRight";
				INFOPLIST_KEY_UISupportedInterfaceOrientations_iPhone = "UIInterfaceOrientationPortrait UIInterfaceOrientationLandscapeLeft UIInterfaceOrientationLandscapeRight";
				LD_RUNPATH_SEARCH_PATHS = "@executable_path/Frameworks";
				"LD_RUNPATH_SEARCH_PATHS[sdk=macosx*]" = "@executable_path/../Frameworks";
				MACOSX_DEPLOYMENT_TARGET = 26.0;
				MARKETING_VERSION = 1.0;
				PRODUCT_BUNDLE_IDENTIFIER = dev.studiojin.Spectasia;
				PRODUCT_NAME = "$(TARGET_NAME)";
				REGISTER_APP_GROUPS = YES;
				RUNTIME_EXCEPTION_ALLOW_DYLD_ENVIRONMENT_VARIABLES = NO;
				RUNTIME_EXCEPTION_ALLOW_JIT = NO;
				RUNTIME_EXCEPTION_ALLOW_UNSIGNED_EXECUTABLE_MEMORY = NO;
				RUNTIME_EXCEPTION_DEBUGGING_TOOL = NO;
				RUNTIME_EXCEPTION_DISABLE_EXECUTABLE_PAGE_PROTECTION = NO;
				RUNTIME_EXCEPTION_DISABLE_LIBRARY_VALIDATION = NO;
				SDKROOT = auto;
				STRING_CATALOG_GENERATE_SYMBOLS = YES;
				SUPPORTED_PLATFORMS = macosx;
				SUPPORTS_MACCATALYST = NO;
				SWIFT_APPROACHABLE_CONCURRENCY = YES;
				SWIFT_DEFAULT_ACTOR_ISOLATION = MainActor;
				SWIFT_EMIT_LOC_STRINGS = YES;
				SWIFT_UPCOMING_FEATURE_MEMBER_IMPORT_VISIBILITY = YES;
				SWIFT_VERSION = 6.0;
			};
			name = Debug;
		};
		AC7CE7852F28E00000E2D895 /* Release */ = {
			isa = XCBuildConfiguration;
			buildSettings = {
				ASSETCATALOG_COMPILER_APPICON_NAME = AppIcon;
				ASSETCATALOG_COMPILER_GLOBAL_ACCENT_COLOR_NAME = AccentColor;
				ASSETCATALOG_COMPILER_INCLUDE_ALL_APPICON_ASSETS = YES;
				AUTOMATION_APPLE_EVENTS = NO;
				CODE_SIGN_ENTITLEMENTS = Spectasia/Spectasia.entitlements;
				"CODE_SIGN_IDENTITY[sdk=macosx*]" = "Apple Development";
				CODE_SIGN_STYLE = Automatic;
				CURRENT_PROJECT_VERSION = 1;
				DEVELOPMENT_TEAM = B75RUJT6KD;
				ENABLE_APP_SANDBOX = YES;
				ENABLE_FILE_ACCESS_DOWNLOADS_FOLDER = readonly;
				ENABLE_FILE_ACCESS_PICTURE_FOLDER = readonly;
				ENABLE_HARDENED_RUNTIME = YES;
				ENABLE_INCOMING_NETWORK_CONNECTIONS = NO;
				ENABLE_OUTGOING_NETWORK_CONNECTIONS = NO;
				ENABLE_PREVIEWS = YES;
				ENABLE_RESOURCE_ACCESS_AUDIO_INPUT = NO;
				ENABLE_RESOURCE_ACCESS_BLUETOOTH = NO;
				ENABLE_RESOURCE_ACCESS_CALENDARS = NO;
				ENABLE_RESOURCE_ACCESS_CAMERA = NO;
				ENABLE_RESOURCE_ACCESS_CONTACTS = NO;
				ENABLE_RESOURCE_ACCESS_LOCATION = YES;
				ENABLE_RESOURCE_ACCESS_PHOTO_LIBRARY = YES;
				ENABLE_RESOURCE_ACCESS_PRINTING = NO;
				ENABLE_RESOURCE_ACCESS_USB = NO;
				ENABLE_USER_SELECTED_FILES = readwrite;
				GENERATE_INFOPLIST_FILE = YES;
				INFOPLIST_FILE = Spectasia/Info.plist;
				INFOPLIST_KEY_CFBundleDisplayName = Spectasia;
				INFOPLIST_KEY_LSApplicationCategoryType = "public.app-category.utilities";
				INFOPLIST_KEY_NSRemovableVolumesUsageDescription = "Spectasia needs access to external drives to browse and manage images.";
				"INFOPLIST_KEY_UIApplicationSceneManifest_Generation[sdk=iphoneos*]" = YES;
				"INFOPLIST_KEY_UIApplicationSceneManifest_Generation[sdk=iphonesimulator*]" = YES;
				"INFOPLIST_KEY_UIApplicationSupportsIndirectInputEvents[sdk=iphoneos*]" = YES;
				"INFOPLIST_KEY_UIApplicationSupportsIndirectInputEvents[sdk=iphonesimulator*]" = YES;
				"INFOPLIST_KEY_UILaunchScreen_Generation[sdk=iphoneos*]" = YES;
				"INFOPLIST_KEY_UILaunchScreen_Generation[sdk=iphonesimulator*]" = YES;
				"INFOPLIST_KEY_UIStatusBarStyle[sdk=iphoneos*]" = UIStatusBarStyleDefault;
				"INFOPLIST_KEY_UIStatusBarStyle[sdk=iphonesimulator*]" = UIStatusBarStyleDefault;
				INFOPLIST_KEY_UISupportedInterfaceOrientations_iPad = "UIInterfaceOrientationPortrait UIInterfaceOrientationPortraitUpsideDown UIInterfaceOrientationLandscapeLeft UIInterfaceOrientationLandscapeRight";
				INFOPLIST_KEY_UISupportedInterfaceOrientations_iPhone = "UIInterfaceOrientationPortrait UIInterfaceOrientationLandscapeLeft UIInterfaceOrientationLandscapeRight";
				LD_RUNPATH_SEARCH_PATHS = "@executable_path/Frameworks";
				"LD_RUNPATH_SEARCH_PATHS[sdk=macosx*]" = "@executable_path/../Frameworks";
				MACOSX_DEPLOYMENT_TARGET = 26.0;
				MARKETING_VERSION = 1.0;
				PRODUCT_BUNDLE_IDENTIFIER = dev.studiojin.Spectasia;
				PRODUCT_NAME = "$(TARGET_NAME)";
				REGISTER_APP_GROUPS = YES;
				RUNTIME_EXCEPTION_ALLOW_DYLD_ENVIRONMENT_VARIABLES = NO;
				RUNTIME_EXCEPTION_ALLOW_JIT = NO;
				RUNTIME_EXCEPTION_ALLOW_UNSIGNED_EXECUTABLE_MEMORY = NO;
				RUNTIME_EXCEPTION_DEBUGGING_TOOL = NO;
				RUNTIME_EXCEPTION_DISABLE_EXECUTABLE_PAGE_PROTECTION = NO;
				RUNTIME_EXCEPTION_DISABLE_LIBRARY_VALIDATION = NO;
				SDKROOT = auto;
				STRING_CATALOG_GENERATE_SYMBOLS = YES;
				SUPPORTED_PLATFORMS = macosx;
				SUPPORTS_MACCATALYST = NO;
				SWIFT_APPROACHABLE_CONCURRENCY = YES;
				SWIFT_DEFAULT_ACTOR_ISOLATION = MainActor;
				SWIFT_EMIT_LOC_STRINGS = YES;
				SWIFT_UPCOMING_FEATURE_MEMBER_IMPORT_VISIBILITY = YES;
				SWIFT_VERSION = 6.0;
			};
			name = Release;
		};
		AC7CE7872F28E00000E2D895 /* Debug */ = {
			isa = XCBuildConfiguration;
			buildSettings = {
				BUNDLE_LOADER = "$(TEST_HOST)";
				CODE_SIGN_STYLE = Automatic;
				CURRENT_PROJECT_VERSION = 1;
				DEVELOPMENT_TEAM = B75RUJT6KD;
				GENERATE_INFOPLIST_FILE = YES;
				IPHONEOS_DEPLOYMENT_TARGET = 26.2;
				MACOSX_DEPLOYMENT_TARGET = 26.2;
				MARKETING_VERSION = 1.0;
				PRODUCT_BUNDLE_IDENTIFIER = dev.studiojin.SpectasiaTests;
				PRODUCT_NAME = "$(TARGET_NAME)";
				SDKROOT = auto;
				STRING_CATALOG_GENERATE_SYMBOLS = NO;
				SUPPORTED_PLATFORMS = "iphoneos iphonesimulator macosx xros xrsimulator";
				SWIFT_APPROACHABLE_CONCURRENCY = YES;
				SWIFT_EMIT_LOC_STRINGS = NO;
				SWIFT_UPCOMING_FEATURE_MEMBER_IMPORT_VISIBILITY = YES;
				SWIFT_VERSION = 5.0;
				TARGETED_DEVICE_FAMILY = "1,2,7";
				TEST_HOST = "$(BUILT_PRODUCTS_DIR)/Spectasia.app/$(BUNDLE_EXECUTABLE_FOLDER_PATH)/Spectasia";
				XROS_DEPLOYMENT_TARGET = 26.2;
			};
			name = Debug;
		};
		AC7CE7882F28E00000E2D895 /* Release */ = {
			isa = XCBuildConfiguration;
			buildSettings = {
				BUNDLE_LOADER = "$(TEST_HOST)";
				CODE_SIGN_STYLE = Automatic;
				CURRENT_PROJECT_VERSION = 1;
				DEVELOPMENT_TEAM = B75RUJT6KD;
				GENERATE_INFOPLIST_FILE = YES;
				IPHONEOS_DEPLOYMENT_TARGET = 26.2;
				MACOSX_DEPLOYMENT_TARGET = 26.2;
				MARKETING_VERSION = 1.0;
				PRODUCT_BUNDLE_IDENTIFIER = dev.studiojin.SpectasiaTests;
				PRODUCT_NAME = "$(TARGET_NAME)";
				SDKROOT = auto;
				STRING_CATALOG_GENERATE_SYMBOLS = NO;
				SUPPORTED_PLATFORMS = "iphoneos iphonesimulator macosx xros xrsimulator";
				SWIFT_APPROACHABLE_CONCURRENCY = YES;
				SWIFT_EMIT_LOC_STRINGS = NO;
				SWIFT_UPCOMING_FEATURE_MEMBER_IMPORT_VISIBILITY = YES;
				SWIFT_VERSION = 5.0;
				TARGETED_DEVICE_FAMILY = "1,2,7";
				TEST_HOST = "$(BUILT_PRODUCTS_DIR)/Spectasia.app/$(BUNDLE_EXECUTABLE_FOLDER_PATH)/Spectasia";
				XROS_DEPLOYMENT_TARGET = 26.2;
			};
			name = Release;
		};
		AC7CE78A2F28E00000E2D895 /* Debug */ = {
			isa = XCBuildConfiguration;
			buildSettings = {
				CODE_SIGN_STYLE = Automatic;
				CURRENT_PROJECT_VERSION = 1;
				DEVELOPMENT_TEAM = B75RUJT6KD;
				GENERATE_INFOPLIST_FILE = YES;
				IPHONEOS_DEPLOYMENT_TARGET = 26.2;
				MACOSX_DEPLOYMENT_TARGET = 26.2;
				MARKETING_VERSION = 1.0;
				PRODUCT_BUNDLE_IDENTIFIER = dev.studiojin.SpectasiaUITests;
				PRODUCT_NAME = "$(TARGET_NAME)";
				SDKROOT = auto;
				STRING_CATALOG_GENERATE_SYMBOLS = NO;
				SUPPORTED_PLATFORMS = "iphoneos iphonesimulator macosx xros xrsimulator";
				SWIFT_APPROACHABLE_CONCURRENCY = YES;
				SWIFT_EMIT_LOC_STRINGS = NO;
				SWIFT_UPCOMING_FEATURE_MEMBER_IMPORT_VISIBILITY = YES;
				SWIFT_VERSION = 5.0;
				TARGETED_DEVICE_FAMILY = "1,2,7";
				TEST_TARGET_NAME = Spectasia;
				XROS_DEPLOYMENT_TARGET = 26.2;
			};
			name = Debug;
		};
		AC7CE78B2F28E00000E2D895 /* Release */ = {
			isa = XCBuildConfiguration;
			buildSettings = {
				CODE_SIGN_STYLE = Automatic;
				CURRENT_PROJECT_VERSION = 1;
				DEVELOPMENT_TEAM = B75RUJT6KD;
				GENERATE_INFOPLIST_FILE = YES;
				IPHONEOS_DEPLOYMENT_TARGET = 26.2;
				MACOSX_DEPLOYMENT_TARGET = 26.2;
				MARKETING_VERSION = 1.0;
				PRODUCT_BUNDLE_IDENTIFIER = dev.studiojin.SpectasiaUITests;
				PRODUCT_NAME = "$(TARGET_NAME)";
				SDKROOT = auto;
				STRING_CATALOG_GENERATE_SYMBOLS = NO;
				SUPPORTED_PLATFORMS = "iphoneos iphonesimulator macosx xros xrsimulator";
				SWIFT_APPROACHABLE_CONCURRENCY = YES;
				SWIFT_EMIT_LOC_STRINGS = NO;
				SWIFT_UPCOMING_FEATURE_MEMBER_IMPORT_VISIBILITY = YES;
				SWIFT_VERSION = 5.0;
				TARGETED_DEVICE_FAMILY = "1,2,7";
				TEST_TARGET_NAME = Spectasia;
				XROS_DEPLOYMENT_TARGET = 26.2;
			};
			name = Release;
		};
/* End XCBuildConfiguration section */

/* Begin XCConfigurationList section */
		AC7CE75D2F28DFFF00E2D895 /* Build configuration list for PBXProject "Spectasia" */ = {
			isa = XCConfigurationList;
			buildConfigurations = (
				AC7CE7812F28E00000E2D895 /* Debug */,
				AC7CE7822F28E00000E2D895 /* Release */,
			);
			defaultConfigurationIsVisible = 0;
			defaultConfigurationName = Release;
		};
		AC7CE7832F28E00000E2D895 /* Build configuration list for PBXNativeTarget "Spectasia" */ = {
			isa = XCConfigurationList;
			buildConfigurations = (
				AC7CE7842F28E00000E2D895 /* Debug */,
				AC7CE7852F28E00000E2D895 /* Release */,
			);
			defaultConfigurationIsVisible = 0;
			defaultConfigurationName = Release;
		};
		AC7CE7862F28E00000E2D895 /* Build configuration list for PBXNativeTarget "SpectasiaTests" */ = {
			isa = XCConfigurationList;
			buildConfigurations = (
				AC7CE7872F28E00000E2D895 /* Debug */,
				AC7CE7882F28E00000E2D895 /* Release */,
			);
			defaultConfigurationIsVisible = 0;
			defaultConfigurationName = Release;
		};
		AC7CE7892F28E00000E2D895 /* Build configuration list for PBXNativeTarget "SpectasiaUITests" */ = {
			isa = XCConfigurationList;
			buildConfigurations = (
				AC7CE78A2F28E00000E2D895 /* Debug */,
				AC7CE78B2F28E00000E2D895 /* Release */,
			);
			defaultConfigurationIsVisible = 0;
			defaultConfigurationName = Release;
		};
/* End XCConfigurationList section */

/* Begin XCLocalSwiftPackageReference section */
		ACFCE2F92F2C2989001B9220 /* XCLocalSwiftPackageReference "SpectasiaCore" */ = {
			isa = XCLocalSwiftPackageReference;
			relativePath = SpectasiaCore;
		};
/* End XCLocalSwiftPackageReference section */

/* Begin XCSwiftPackageProductDependency section */
		AC0E7D5C2F2C89E10083D923 /* SpectasiaCore */ = {
			isa = XCSwiftPackageProductDependency;
			package = ACFCE2F92F2C2989001B9220 /* XCLocalSwiftPackageReference "SpectasiaCore" */;
			productName = SpectasiaCore;
		};
		AC0E7D5E2F2C89E90083D923 /* SpectasiaCore */ = {
			isa = XCSwiftPackageProductDependency;
			package = ACFCE2F92F2C2989001B9220 /* XCLocalSwiftPackageReference "SpectasiaCore" */;
			productName = SpectasiaCore;
		};
		ACFCE2FD2F2C2AFC001B9220 /* SpectasiaCore */ = {
			isa = XCSwiftPackageProductDependency;
			package = ACFCE2F92F2C2989001B9220 /* XCLocalSwiftPackageReference "SpectasiaCore" */;
			productName = SpectasiaCore;
		};
/* End XCSwiftPackageProductDependency section */
	};
	rootObject = AC7CE75A2F28DFFF00E2D895 /* Project object */;
}
